// !$*UTF8*$!
{
	archiveVersion = 1;
	classes = {
	};
	objectVersion = 56;
	objects = {

/* Begin PBXBuildFile section */
		0458C0779BACAE5EB3249494 /* Pods_ScreenRecoder.framework in Frameworks */ = {isa = PBXBuildFile; fileRef = 1522C6CB34597DCDF49E0042 /* Pods_ScreenRecoder.framework */; };
		93334D372A1276BB0099DFDF /* UISearchBarExtensions.swift in Sources */ = {isa = PBXBuildFile; fileRef = 93334CEC2A1276B80099DFDF /* UISearchBarExtensions.swift */; };
		93334D382A1276BB0099DFDF /* UITableViewExtensions.swift in Sources */ = {isa = PBXBuildFile; fileRef = 93334CED2A1276B80099DFDF /* UITableViewExtensions.swift */; };
		93334D392A1276BB0099DFDF /* UIEdgeInsetsExtensions.swift in Sources */ = {isa = PBXBuildFile; fileRef = 93334CEE2A1276B80099DFDF /* UIEdgeInsetsExtensions.swift */; };
		93334D3A2A1276BB0099DFDF /* UIScrollViewExtensions.swift in Sources */ = {isa = PBXBuildFile; fileRef = 93334CEF2A1276B80099DFDF /* UIScrollViewExtensions.swift */; };
		93334D3B2A1276BB0099DFDF /* UILayoutPriorityExtensions.swift in Sources */ = {isa = PBXBuildFile; fileRef = 93334CF02A1276B80099DFDF /* UILayoutPriorityExtensions.swift */; };
		93334D3C2A1276BB0099DFDF /* UINavigationItemExtensions.swift in Sources */ = {isa = PBXBuildFile; fileRef = 93334CF12A1276B80099DFDF /* UINavigationItemExtensions.swift */; };
		93334D3D2A1276BB0099DFDF /* UIStackViewExtensions.swift in Sources */ = {isa = PBXBuildFile; fileRef = 93334CF22A1276B80099DFDF /* UIStackViewExtensions.swift */; };
		93334D3E2A1276BB0099DFDF /* UIView+Extension.swift in Sources */ = {isa = PBXBuildFile; fileRef = 93334CF32A1276B80099DFDF /* UIView+Extension.swift */; };
		93334D3F2A1276BB0099DFDF /* UICollectionViewExtensions.swift in Sources */ = {isa = PBXBuildFile; fileRef = 93334CF42A1276B80099DFDF /* UICollectionViewExtensions.swift */; };
		93334D402A1276BB0099DFDF /* UIImage+Extensions.swift in Sources */ = {isa = PBXBuildFile; fileRef = 93334CF52A1276B80099DFDF /* UIImage+Extensions.swift */; };
		93334D412A1276BB0099DFDF /* UITextViewExtensions.swift in Sources */ = {isa = PBXBuildFile; fileRef = 93334CF62A1276B80099DFDF /* UITextViewExtensions.swift */; };
		93334D422A1276BB0099DFDF /* UIBarButtonItemExtensions.swift in Sources */ = {isa = PBXBuildFile; fileRef = 93334CF72A1276B80099DFDF /* UIBarButtonItemExtensions.swift */; };
		93334D432A1276BB0099DFDF /* UIStoryboardExtensions.swift in Sources */ = {isa = PBXBuildFile; fileRef = 93334CF82A1276B80099DFDF /* UIStoryboardExtensions.swift */; };
		93334D442A1276BB0099DFDF /* UITabBarExtensions.swift in Sources */ = {isa = PBXBuildFile; fileRef = 93334CF92A1276B80099DFDF /* UITabBarExtensions.swift */; };
		93334D452A1276BB0099DFDF /* UISegmentedControlExtensions.swift in Sources */ = {isa = PBXBuildFile; fileRef = 93334CFA2A1276B80099DFDF /* UISegmentedControlExtensions.swift */; };
		93334D462A1276BB0099DFDF /* ColorExtensions.swift in Sources */ = {isa = PBXBuildFile; fileRef = 93334CFB2A1276B80099DFDF /* ColorExtensions.swift */; };
		93334D472A1276BB0099DFDF /* UINavigationBarExtensions.swift in Sources */ = {isa = PBXBuildFile; fileRef = 93334CFC2A1276B80099DFDF /* UINavigationBarExtensions.swift */; };
		93334D482A1276BB0099DFDF /* UIActivityExtensions.swift in Sources */ = {isa = PBXBuildFile; fileRef = 93334CFD2A1276B80099DFDF /* UIActivityExtensions.swift */; };
		93334D492A1276BB0099DFDF /* UISliderExtensions.swift in Sources */ = {isa = PBXBuildFile; fileRef = 93334CFE2A1276B80099DFDF /* UISliderExtensions.swift */; };
		93334D4A2A1276BB0099DFDF /* UIViewControllerExtensions.swift in Sources */ = {isa = PBXBuildFile; fileRef = 93334CFF2A1276B80099DFDF /* UIViewControllerExtensions.swift */; };
		93334D4B2A1276BB0099DFDF /* UIImageExtensions.swift in Sources */ = {isa = PBXBuildFile; fileRef = 93334D002A1276B80099DFDF /* UIImageExtensions.swift */; };
		93334D4C2A1276BB0099DFDF /* UINavigationControllerExtensions.swift in Sources */ = {isa = PBXBuildFile; fileRef = 93334D012A1276B80099DFDF /* UINavigationControllerExtensions.swift */; };
		93334D4D2A1276BB0099DFDF /* UIViewExtensions.swift in Sources */ = {isa = PBXBuildFile; fileRef = 93334D022A1276B80099DFDF /* UIViewExtensions.swift */; };
		93334D4E2A1276BB0099DFDF /* UIGestureRecognizerExtensions.swift in Sources */ = {isa = PBXBuildFile; fileRef = 93334D032A1276B80099DFDF /* UIGestureRecognizerExtensions.swift */; };
		93334D4F2A1276BB0099DFDF /* ActivityExt.swift in Sources */ = {isa = PBXBuildFile; fileRef = 93334D042A1276B80099DFDF /* ActivityExt.swift */; };
		93334D502A1276BB0099DFDF /* UIWindowExtensions.swift in Sources */ = {isa = PBXBuildFile; fileRef = 93334D052A1276B80099DFDF /* UIWindowExtensions.swift */; };
		93334D512A1276BB0099DFDF /* UILabelExtensions.swift in Sources */ = {isa = PBXBuildFile; fileRef = 93334D062A1276B80099DFDF /* UILabelExtensions.swift */; };
		93334D522A1276BB0099DFDF /* UISwitchExtensions.swift in Sources */ = {isa = PBXBuildFile; fileRef = 93334D072A1276B80099DFDF /* UISwitchExtensions.swift */; };
		93334D532A1276BB0099DFDF /* UIButtonExtensions.swift in Sources */ = {isa = PBXBuildFile; fileRef = 93334D082A1276B80099DFDF /* UIButtonExtensions.swift */; };
		93334D542A1276BB0099DFDF /* UIApplicationExtensions.swift in Sources */ = {isa = PBXBuildFile; fileRef = 93334D092A1276B80099DFDF /* UIApplicationExtensions.swift */; };
		93334D552A1276BB0099DFDF /* UIImageViewExtensions.swift in Sources */ = {isa = PBXBuildFile; fileRef = 93334D0A2A1276B80099DFDF /* UIImageViewExtensions.swift */; };
		93334D562A1276BB0099DFDF /* UIRefreshControlExtensions.swift in Sources */ = {isa = PBXBuildFile; fileRef = 93334D0B2A1276B80099DFDF /* UIRefreshControlExtensions.swift */; };
		93334D572A1276BB0099DFDF /* UIAlertControllerExtensions.swift in Sources */ = {isa = PBXBuildFile; fileRef = 93334D0C2A1276B80099DFDF /* UIAlertControllerExtensions.swift */; };
		93334D582A1276BB0099DFDF /* UIFontExtensions.swift in Sources */ = {isa = PBXBuildFile; fileRef = 93334D0D2A1276B80099DFDF /* UIFontExtensions.swift */; };
		93334D592A1276BB0099DFDF /* UIDatePickerExtensions.swift in Sources */ = {isa = PBXBuildFile; fileRef = 93334D0E2A1276B80099DFDF /* UIDatePickerExtensions.swift */; };
		93334D5A2A1276BB0099DFDF /* UITextField+Extensions.swift in Sources */ = {isa = PBXBuildFile; fileRef = 93334D0F2A1276B80099DFDF /* UITextField+Extensions.swift */; };
		93334D5C2A1276BB0099DFDF /* UIApplication+Extension.swift in Sources */ = {isa = PBXBuildFile; fileRef = 93334D132A1276BB0099DFDF /* UIApplication+Extension.swift */; };
		93334D5D2A1276BB0099DFDF /* Obserable+Extension.swift in Sources */ = {isa = PBXBuildFile; fileRef = 93334D142A1276BB0099DFDF /* Obserable+Extension.swift */; };
		93334D5E2A1276BB0099DFDF /* RowDetailGeneric.swift in Sources */ = {isa = PBXBuildFile; fileRef = 93334D152A1276BB0099DFDF /* RowDetailGeneric.swift */; };
		93334D5F2A1276BB0099DFDF /* UIFont+Extension.swift in Sources */ = {isa = PBXBuildFile; fileRef = 93334D162A1276BB0099DFDF /* UIFont+Extension.swift */; };
		93334D602A1276BB0099DFDF /* UITapgesture+Extension.swift in Sources */ = {isa = PBXBuildFile; fileRef = 93334D172A1276BB0099DFDF /* UITapgesture+Extension.swift */; };
		93334D612A1276BB0099DFDF /* UIWindow+Extension.swift in Sources */ = {isa = PBXBuildFile; fileRef = 93334D182A1276BB0099DFDF /* UIWindow+Extension.swift */; };
		93334D622A1276BB0099DFDF /* UILableExtension.swift in Sources */ = {isa = PBXBuildFile; fileRef = 93334D192A1276BB0099DFDF /* UILableExtension.swift */; };
		93334D632A1276BB0099DFDF /* CALayerExtension.swift in Sources */ = {isa = PBXBuildFile; fileRef = 93334D1A2A1276BB0099DFDF /* CALayerExtension.swift */; };
		93334D642A1276BB0099DFDF /* UITextViewExtension.swift in Sources */ = {isa = PBXBuildFile; fileRef = 93334D1B2A1276BB0099DFDF /* UITextViewExtension.swift */; };
		93334D652A1276BB0099DFDF /* NumberExtension.swift in Sources */ = {isa = PBXBuildFile; fileRef = 93334D1C2A1276BB0099DFDF /* NumberExtension.swift */; };
		93334D662A1276BB0099DFDF /* ViewControllerExtension.swift in Sources */ = {isa = PBXBuildFile; fileRef = 93334D1D2A1276BB0099DFDF /* ViewControllerExtension.swift */; };
		93334D672A1276BB0099DFDF /* Collection+Extension.swift in Sources */ = {isa = PBXBuildFile; fileRef = 93334D1E2A1276BB0099DFDF /* Collection+Extension.swift */; };
		93334D682A1276BB0099DFDF /* UIButton+Extension.swift in Sources */ = {isa = PBXBuildFile; fileRef = 93334D1F2A1276BB0099DFDF /* UIButton+Extension.swift */; };
		93334D692A1276BB0099DFDF /* UIColor+Extensions.swift in Sources */ = {isa = PBXBuildFile; fileRef = 93334D202A1276BB0099DFDF /* UIColor+Extensions.swift */; };
		93334D6A2A1276BB0099DFDF /* CustomButton.swift in Sources */ = {isa = PBXBuildFile; fileRef = 93334D212A1276BB0099DFDF /* CustomButton.swift */; };
		93334D6B2A1276BB0099DFDF /* CustomSegment.swift in Sources */ = {isa = PBXBuildFile; fileRef = 93334D222A1276BB0099DFDF /* CustomSegment.swift */; };
		93334D6C2A1276BB0099DFDF /* Drive+Extension.swift in Sources */ = {isa = PBXBuildFile; fileRef = 93334D232A1276BB0099DFDF /* Drive+Extension.swift */; };
		93334D6D2A1276BB0099DFDF /* DecimalNumber+Extension.swift in Sources */ = {isa = PBXBuildFile; fileRef = 93334D242A1276BB0099DFDF /* DecimalNumber+Extension.swift */; };
		93334D6E2A1276BB0099DFDF /* ArrayExxtension.swift in Sources */ = {isa = PBXBuildFile; fileRef = 93334D252A1276BB0099DFDF /* ArrayExxtension.swift */; };
		93334D6F2A1276BB0099DFDF /* URL+Extension.swift in Sources */ = {isa = PBXBuildFile; fileRef = 93334D262A1276BB0099DFDF /* URL+Extension.swift */; };
		93334D702A1276BB0099DFDF /* UITextField_Extension.swift in Sources */ = {isa = PBXBuildFile; fileRef = 93334D272A1276BB0099DFDF /* UITextField_Extension.swift */; };
		93334D712A1276BB0099DFDF /* String+Extension.swift in Sources */ = {isa = PBXBuildFile; fileRef = 93334D282A1276BB0099DFDF /* String+Extension.swift */; };
		93334D722A1276BB0099DFDF /* PropertyWapper.swift in Sources */ = {isa = PBXBuildFile; fileRef = 93334D292A1276BB0099DFDF /* PropertyWapper.swift */; };
		93334D732A1276BB0099DFDF /* ViewExtension.swift in Sources */ = {isa = PBXBuildFile; fileRef = 93334D2A2A1276BB0099DFDF /* ViewExtension.swift */; };
		93334D742A1276BB0099DFDF /* UIAllertVC+Extension.swift in Sources */ = {isa = PBXBuildFile; fileRef = 93334D2B2A1276BB0099DFDF /* UIAllertVC+Extension.swift */; };
		93334D752A1276BB0099DFDF /* Font+Extension.swift in Sources */ = {isa = PBXBuildFile; fileRef = 93334D2C2A1276BB0099DFDF /* Font+Extension.swift */; };
		93334D762A1276BB0099DFDF /* UIViewController+Rx.swift in Sources */ = {isa = PBXBuildFile; fileRef = 93334D2D2A1276BB0099DFDF /* UIViewController+Rx.swift */; };
		93334D772A1276BB0099DFDF /* ReadMoreTextViewExtension.swift in Sources */ = {isa = PBXBuildFile; fileRef = 93334D2E2A1276BB0099DFDF /* ReadMoreTextViewExtension.swift */; };
		93334D782A1276BB0099DFDF /* StringExtension.swift in Sources */ = {isa = PBXBuildFile; fileRef = 93334D2F2A1276BB0099DFDF /* StringExtension.swift */; };
		93334D792A1276BB0099DFDF /* CodableExtension.swift in Sources */ = {isa = PBXBuildFile; fileRef = 93334D302A1276BB0099DFDF /* CodableExtension.swift */; };
		93334D7A2A1276BB0099DFDF /* Encode+Extension.swift in Sources */ = {isa = PBXBuildFile; fileRef = 93334D312A1276BB0099DFDF /* Encode+Extension.swift */; };
		93334D7B2A1276BB0099DFDF /* PushNotificationHandler.swift in Sources */ = {isa = PBXBuildFile; fileRef = 93334D332A1276BB0099DFDF /* PushNotificationHandler.swift */; };
		93334D7C2A1276BB0099DFDF /* ProductViewModel.swift in Sources */ = {isa = PBXBuildFile; fileRef = 93334D342A1276BB0099DFDF /* ProductViewModel.swift */; };
		93334D7D2A1276BB0099DFDF /* LabelExtension.swift in Sources */ = {isa = PBXBuildFile; fileRef = 93334D352A1276BB0099DFDF /* LabelExtension.swift */; };
		93334D7E2A1276BB0099DFDF /* DateExtension.swift in Sources */ = {isa = PBXBuildFile; fileRef = 93334D362A1276BB0099DFDF /* DateExtension.swift */; };
		93334D892A1277960099DFDF /* Storage.swift in Sources */ = {isa = PBXBuildFile; fileRef = 93334D812A1277960099DFDF /* Storage.swift */; };
		93334D8A2A1277960099DFDF /* AppSettings.swift in Sources */ = {isa = PBXBuildFile; fileRef = 93334D822A1277960099DFDF /* AppSettings.swift */; };
		93334D8B2A1277960099DFDF /* Constant.swift in Sources */ = {isa = PBXBuildFile; fileRef = 93334D842A1277960099DFDF /* Constant.swift */; };
		93334D8C2A1277960099DFDF /* GetHeightSafeArea.swift in Sources */ = {isa = PBXBuildFile; fileRef = 93334D852A1277960099DFDF /* GetHeightSafeArea.swift */; };
		93334D8D2A1277960099DFDF /* SettingDefaultFont.swift in Sources */ = {isa = PBXBuildFile; fileRef = 93334D862A1277960099DFDF /* SettingDefaultFont.swift */; };
		93334D8E2A1277960099DFDF /* ResultURLModel.swift in Sources */ = {isa = PBXBuildFile; fileRef = 93334D882A1277960099DFDF /* ResultURLModel.swift */; };
		933D9F182A1BB76D00D47BF4 /* ReplayKit.framework in Frameworks */ = {isa = PBXBuildFile; fileRef = 933D9F172A1BB76D00D47BF4 /* ReplayKit.framework */; };
		933D9F1B2A1BB76D00D47BF4 /* SampleHandler.swift in Sources */ = {isa = PBXBuildFile; fileRef = 933D9F1A2A1BB76D00D47BF4 /* SampleHandler.swift */; };
		933D9F222A1BB76D00D47BF4 /* ReplayKit.framework in Frameworks */ = {isa = PBXBuildFile; fileRef = 933D9F172A1BB76D00D47BF4 /* ReplayKit.framework */; };
		933D9F242A1BB76D00D47BF4 /* UIKit.framework in Frameworks */ = {isa = PBXBuildFile; fileRef = 933D9F232A1BB76D00D47BF4 /* UIKit.framework */; };
		933D9F272A1BB76D00D47BF4 /* BroadcastSetupViewController.swift in Sources */ = {isa = PBXBuildFile; fileRef = 933D9F262A1BB76D00D47BF4 /* BroadcastSetupViewController.swift */; };
		933D9F2B2A1BB76D00D47BF4 /* BasicExtensionSetupUI.appex in Embed Foundation Extensions */ = {isa = PBXBuildFile; fileRef = 933D9F212A1BB76D00D47BF4 /* BasicExtensionSetupUI.appex */; settings = {ATTRIBUTES = (RemoveHeadersOnCopy, ); }; };
		933D9F2E2A1BB76D00D47BF4 /* BasicExtension.appex in Embed Foundation Extensions */ = {isa = PBXBuildFile; fileRef = 933D9F162A1BB76D00D47BF4 /* BasicExtension.appex */; settings = {ATTRIBUTES = (RemoveHeadersOnCopy, ); }; };
		933D9F392A1BB7E500D47BF4 /* BroadcastWriterHandler.swift in Sources */ = {isa = PBXBuildFile; fileRef = 933D9F382A1BB7E500D47BF4 /* BroadcastWriterHandler.swift */; };
		93ADA5B82A0FBE5A00E16B5D /* AppDelegate.swift in Sources */ = {isa = PBXBuildFile; fileRef = 93ADA5B72A0FBE5A00E16B5D /* AppDelegate.swift */; };
		93ADA5BA2A0FBE5A00E16B5D /* SceneDelegate.swift in Sources */ = {isa = PBXBuildFile; fileRef = 93ADA5B92A0FBE5A00E16B5D /* SceneDelegate.swift */; };
		93ADA5BC2A0FBE5A00E16B5D /* ViewController.swift in Sources */ = {isa = PBXBuildFile; fileRef = 93ADA5BB2A0FBE5A00E16B5D /* ViewController.swift */; };
		93ADA5BF2A0FBE5A00E16B5D /* Main.storyboard in Resources */ = {isa = PBXBuildFile; fileRef = 93ADA5BD2A0FBE5A00E16B5D /* Main.storyboard */; };
		93ADA5C12A0FBE5D00E16B5D /* Assets.xcassets in Resources */ = {isa = PBXBuildFile; fileRef = 93ADA5C02A0FBE5D00E16B5D /* Assets.xcassets */; };
		93ADA5C42A0FBE5D00E16B5D /* LaunchScreen.storyboard in Resources */ = {isa = PBXBuildFile; fileRef = 93ADA5C22A0FBE5D00E16B5D /* LaunchScreen.storyboard */; };
		93C0C3122A1A4E1100CB48D6 /* RecordFinishVC.xib in Resources */ = {isa = PBXBuildFile; fileRef = 93C0C30F2A1A4E1000CB48D6 /* RecordFinishVC.xib */; };
		93C0C3132A1A4E1100CB48D6 /* RecordFinishVM.swift in Sources */ = {isa = PBXBuildFile; fileRef = 93C0C3102A1A4E1000CB48D6 /* RecordFinishVM.swift */; };
		93C0C3142A1A4E1100CB48D6 /* RecordFinishVC.swift in Sources */ = {isa = PBXBuildFile; fileRef = 93C0C3112A1A4E1000CB48D6 /* RecordFinishVC.swift */; };
		93C0C3182A1A53B400CB48D6 /* VideoEditorView.xib in Resources */ = {isa = PBXBuildFile; fileRef = 93C0C3172A1A53B400CB48D6 /* VideoEditorView.xib */; };
		93C0C31A2A1A53C400CB48D6 /* VideoEditorView.swift in Sources */ = {isa = PBXBuildFile; fileRef = 93C0C3192A1A53C400CB48D6 /* VideoEditorView.swift */; };
		93DE103A2A1881EC005E1CD0 /* TabbarVC.swift in Sources */ = {isa = PBXBuildFile; fileRef = 93DE10392A1881EC005E1CD0 /* TabbarVC.swift */; };
		93DE103F2A188263005E1CD0 /* HomeVCVC.xib in Resources */ = {isa = PBXBuildFile; fileRef = 93DE103C2A188263005E1CD0 /* HomeVCVC.xib */; };
		93DE10402A188263005E1CD0 /* HomeVCVM.swift in Sources */ = {isa = PBXBuildFile; fileRef = 93DE103D2A188263005E1CD0 /* HomeVCVM.swift */; };
		93DE10412A188263005E1CD0 /* HomeVCVC.swift in Sources */ = {isa = PBXBuildFile; fileRef = 93DE103E2A188263005E1CD0 /* HomeVCVC.swift */; };
		93DE10462A18845A005E1CD0 /* swiftgen.yml in Resources */ = {isa = PBXBuildFile; fileRef = 93DE10452A18845A005E1CD0 /* swiftgen.yml */; };
		93DE10492A1884BA005E1CD0 /* Assets-Gen.swift in Sources */ = {isa = PBXBuildFile; fileRef = 93DE10482A1884BA005E1CD0 /* Assets-Gen.swift */; };
		93DE10612A188C8E005E1CD0 /* FontsFree-Net-SFProText-Medium.ttf in Resources */ = {isa = PBXBuildFile; fileRef = 93DE105D2A188C85005E1CD0 /* FontsFree-Net-SFProText-Medium.ttf */; };
		93DE10622A188C8E005E1CD0 /* FontsFree-Net-SFProText-Regular.ttf in Resources */ = {isa = PBXBuildFile; fileRef = 93DE105E2A188C88005E1CD0 /* FontsFree-Net-SFProText-Regular.ttf */; };
		93DE10632A188C8E005E1CD0 /* FontsFree-Net-SFProDisplay-Bold.ttf in Resources */ = {isa = PBXBuildFile; fileRef = 93DE105F2A188C8B005E1CD0 /* FontsFree-Net-SFProDisplay-Bold.ttf */; };
		93DE10642A188C8E005E1CD0 /* FontsFree-Net-SFProText-Semibold.ttf in Resources */ = {isa = PBXBuildFile; fileRef = 93DE10602A188C8D005E1CD0 /* FontsFree-Net-SFProText-Semibold.ttf */; };
		93DE10772A18BBEA005E1CD0 /* BaseNavigationColor.swift in Sources */ = {isa = PBXBuildFile; fileRef = 93DE10672A18BBEA005E1CD0 /* BaseNavigationColor.swift */; };
		93DE10782A18BBEA005E1CD0 /* BaseVC.swift in Sources */ = {isa = PBXBuildFile; fileRef = 93DE10682A18BBEA005E1CD0 /* BaseVC.swift */; };
		93DE10792A18BBEA005E1CD0 /* SetUpBase.swift in Sources */ = {isa = PBXBuildFile; fileRef = 93DE106B2A18BBEA005E1CD0 /* SetUpBase.swift */; };
		93DE107A2A18BBEA005E1CD0 /* ShowAlertProtocol.swift in Sources */ = {isa = PBXBuildFile; fileRef = 93DE106D2A18BBEA005E1CD0 /* ShowAlertProtocol.swift */; };
		93DE107B2A18BBEA005E1CD0 /* NavigationProtocol.swift in Sources */ = {isa = PBXBuildFile; fileRef = 93DE106F2A18BBEA005E1CD0 /* NavigationProtocol.swift */; };
		93DE107C2A18BBEA005E1CD0 /* BaseModelReponseSuccess.swift in Sources */ = {isa = PBXBuildFile; fileRef = 93DE10712A18BBEA005E1CD0 /* BaseModelReponseSuccess.swift */; };
		93DE107E2A18BBEA005E1CD0 /* BaseModelImageText.swift in Sources */ = {isa = PBXBuildFile; fileRef = 93DE10742A18BBEA005E1CD0 /* BaseModelImageText.swift */; };
		93DE10822A18BE1D005E1CD0 /* ManageApp.swift in Sources */ = {isa = PBXBuildFile; fileRef = 93DE10812A18BE1D005E1CD0 /* ManageApp.swift */; };
		93DE10862A18BE9E005E1CD0 /* HomeCell.swift in Sources */ = {isa = PBXBuildFile; fileRef = 93DE10842A18BE9E005E1CD0 /* HomeCell.swift */; };
		93DE10872A18BE9E005E1CD0 /* HomeCell.xib in Resources */ = {isa = PBXBuildFile; fileRef = 93DE10852A18BE9E005E1CD0 /* HomeCell.xib */; };
		93DE108C2A1A4124005E1CD0 /* ScreenRecorderVC.xib in Resources */ = {isa = PBXBuildFile; fileRef = 93DE10892A1A4124005E1CD0 /* ScreenRecorderVC.xib */; };
		93DE108D2A1A4124005E1CD0 /* ScreenRecorderVM.swift in Sources */ = {isa = PBXBuildFile; fileRef = 93DE108A2A1A4124005E1CD0 /* ScreenRecorderVM.swift */; };
		93DE108E2A1A4124005E1CD0 /* ScreenRecorderVC.swift in Sources */ = {isa = PBXBuildFile; fileRef = 93DE108B2A1A4124005E1CD0 /* ScreenRecorderVC.swift */; };
/* End PBXBuildFile section */

/* Begin PBXContainerItemProxy section */
		933D9F292A1BB76D00D47BF4 /* PBXContainerItemProxy */ = {
			isa = PBXContainerItemProxy;
			containerPortal = 93ADA5AC2A0FBE5A00E16B5D /* Project object */;
			proxyType = 1;
			remoteGlobalIDString = 933D9F202A1BB76D00D47BF4;
			remoteInfo = BasicExtensionSetupUI;
		};
		933D9F2C2A1BB76D00D47BF4 /* PBXContainerItemProxy */ = {
			isa = PBXContainerItemProxy;
			containerPortal = 93ADA5AC2A0FBE5A00E16B5D /* Project object */;
			proxyType = 1;
			remoteGlobalIDString = 933D9F152A1BB76C00D47BF4;
			remoteInfo = BasicExtension;
		};
/* End PBXContainerItemProxy section */

/* Begin PBXCopyFilesBuildPhase section */
		933D9F352A1BB76D00D47BF4 /* Embed Foundation Extensions */ = {
			isa = PBXCopyFilesBuildPhase;
			buildActionMask = 2147483647;
			dstPath = "";
			dstSubfolderSpec = 13;
			files = (
				933D9F2B2A1BB76D00D47BF4 /* BasicExtensionSetupUI.appex in Embed Foundation Extensions */,
				933D9F2E2A1BB76D00D47BF4 /* BasicExtension.appex in Embed Foundation Extensions */,
			);
			name = "Embed Foundation Extensions";
			runOnlyForDeploymentPostprocessing = 0;
		};
/* End PBXCopyFilesBuildPhase section */

/* Begin PBXFileReference section */
		1522C6CB34597DCDF49E0042 /* Pods_ScreenRecoder.framework */ = {isa = PBXFileReference; explicitFileType = wrapper.framework; includeInIndex = 0; path = Pods_ScreenRecoder.framework; sourceTree = BUILT_PRODUCTS_DIR; };
		68738BFFBC6124726BFE0297 /* Pods-ScreenRecoder.debug.xcconfig */ = {isa = PBXFileReference; includeInIndex = 1; lastKnownFileType = text.xcconfig; name = "Pods-ScreenRecoder.debug.xcconfig"; path = "Target Support Files/Pods-ScreenRecoder/Pods-ScreenRecoder.debug.xcconfig"; sourceTree = "<group>"; };
		93334CEC2A1276B80099DFDF /* UISearchBarExtensions.swift */ = {isa = PBXFileReference; fileEncoding = 4; lastKnownFileType = sourcecode.swift; path = UISearchBarExtensions.swift; sourceTree = "<group>"; };
		93334CED2A1276B80099DFDF /* UITableViewExtensions.swift */ = {isa = PBXFileReference; fileEncoding = 4; lastKnownFileType = sourcecode.swift; path = UITableViewExtensions.swift; sourceTree = "<group>"; };
		93334CEE2A1276B80099DFDF /* UIEdgeInsetsExtensions.swift */ = {isa = PBXFileReference; fileEncoding = 4; lastKnownFileType = sourcecode.swift; path = UIEdgeInsetsExtensions.swift; sourceTree = "<group>"; };
		93334CEF2A1276B80099DFDF /* UIScrollViewExtensions.swift */ = {isa = PBXFileReference; fileEncoding = 4; lastKnownFileType = sourcecode.swift; path = UIScrollViewExtensions.swift; sourceTree = "<group>"; };
		93334CF02A1276B80099DFDF /* UILayoutPriorityExtensions.swift */ = {isa = PBXFileReference; fileEncoding = 4; lastKnownFileType = sourcecode.swift; path = UILayoutPriorityExtensions.swift; sourceTree = "<group>"; };
		93334CF12A1276B80099DFDF /* UINavigationItemExtensions.swift */ = {isa = PBXFileReference; fileEncoding = 4; lastKnownFileType = sourcecode.swift; path = UINavigationItemExtensions.swift; sourceTree = "<group>"; };
		93334CF22A1276B80099DFDF /* UIStackViewExtensions.swift */ = {isa = PBXFileReference; fileEncoding = 4; lastKnownFileType = sourcecode.swift; path = UIStackViewExtensions.swift; sourceTree = "<group>"; };
		93334CF32A1276B80099DFDF /* UIView+Extension.swift */ = {isa = PBXFileReference; fileEncoding = 4; lastKnownFileType = sourcecode.swift; path = "UIView+Extension.swift"; sourceTree = "<group>"; };
		93334CF42A1276B80099DFDF /* UICollectionViewExtensions.swift */ = {isa = PBXFileReference; fileEncoding = 4; lastKnownFileType = sourcecode.swift; path = UICollectionViewExtensions.swift; sourceTree = "<group>"; };
		93334CF52A1276B80099DFDF /* UIImage+Extensions.swift */ = {isa = PBXFileReference; fileEncoding = 4; lastKnownFileType = sourcecode.swift; path = "UIImage+Extensions.swift"; sourceTree = "<group>"; };
		93334CF62A1276B80099DFDF /* UITextViewExtensions.swift */ = {isa = PBXFileReference; fileEncoding = 4; lastKnownFileType = sourcecode.swift; path = UITextViewExtensions.swift; sourceTree = "<group>"; };
		93334CF72A1276B80099DFDF /* UIBarButtonItemExtensions.swift */ = {isa = PBXFileReference; fileEncoding = 4; lastKnownFileType = sourcecode.swift; path = UIBarButtonItemExtensions.swift; sourceTree = "<group>"; };
		93334CF82A1276B80099DFDF /* UIStoryboardExtensions.swift */ = {isa = PBXFileReference; fileEncoding = 4; lastKnownFileType = sourcecode.swift; path = UIStoryboardExtensions.swift; sourceTree = "<group>"; };
		93334CF92A1276B80099DFDF /* UITabBarExtensions.swift */ = {isa = PBXFileReference; fileEncoding = 4; lastKnownFileType = sourcecode.swift; path = UITabBarExtensions.swift; sourceTree = "<group>"; };
		93334CFA2A1276B80099DFDF /* UISegmentedControlExtensions.swift */ = {isa = PBXFileReference; fileEncoding = 4; lastKnownFileType = sourcecode.swift; path = UISegmentedControlExtensions.swift; sourceTree = "<group>"; };
		93334CFB2A1276B80099DFDF /* ColorExtensions.swift */ = {isa = PBXFileReference; fileEncoding = 4; lastKnownFileType = sourcecode.swift; path = ColorExtensions.swift; sourceTree = "<group>"; };
		93334CFC2A1276B80099DFDF /* UINavigationBarExtensions.swift */ = {isa = PBXFileReference; fileEncoding = 4; lastKnownFileType = sourcecode.swift; path = UINavigationBarExtensions.swift; sourceTree = "<group>"; };
		93334CFD2A1276B80099DFDF /* UIActivityExtensions.swift */ = {isa = PBXFileReference; fileEncoding = 4; lastKnownFileType = sourcecode.swift; path = UIActivityExtensions.swift; sourceTree = "<group>"; };
		93334CFE2A1276B80099DFDF /* UISliderExtensions.swift */ = {isa = PBXFileReference; fileEncoding = 4; lastKnownFileType = sourcecode.swift; path = UISliderExtensions.swift; sourceTree = "<group>"; };
		93334CFF2A1276B80099DFDF /* UIViewControllerExtensions.swift */ = {isa = PBXFileReference; fileEncoding = 4; lastKnownFileType = sourcecode.swift; path = UIViewControllerExtensions.swift; sourceTree = "<group>"; };
		93334D002A1276B80099DFDF /* UIImageExtensions.swift */ = {isa = PBXFileReference; fileEncoding = 4; lastKnownFileType = sourcecode.swift; path = UIImageExtensions.swift; sourceTree = "<group>"; };
		93334D012A1276B80099DFDF /* UINavigationControllerExtensions.swift */ = {isa = PBXFileReference; fileEncoding = 4; lastKnownFileType = sourcecode.swift; path = UINavigationControllerExtensions.swift; sourceTree = "<group>"; };
		93334D022A1276B80099DFDF /* UIViewExtensions.swift */ = {isa = PBXFileReference; fileEncoding = 4; lastKnownFileType = sourcecode.swift; path = UIViewExtensions.swift; sourceTree = "<group>"; };
		93334D032A1276B80099DFDF /* UIGestureRecognizerExtensions.swift */ = {isa = PBXFileReference; fileEncoding = 4; lastKnownFileType = sourcecode.swift; path = UIGestureRecognizerExtensions.swift; sourceTree = "<group>"; };
		93334D042A1276B80099DFDF /* ActivityExt.swift */ = {isa = PBXFileReference; fileEncoding = 4; lastKnownFileType = sourcecode.swift; path = ActivityExt.swift; sourceTree = "<group>"; };
		93334D052A1276B80099DFDF /* UIWindowExtensions.swift */ = {isa = PBXFileReference; fileEncoding = 4; lastKnownFileType = sourcecode.swift; path = UIWindowExtensions.swift; sourceTree = "<group>"; };
		93334D062A1276B80099DFDF /* UILabelExtensions.swift */ = {isa = PBXFileReference; fileEncoding = 4; lastKnownFileType = sourcecode.swift; path = UILabelExtensions.swift; sourceTree = "<group>"; };
		93334D072A1276B80099DFDF /* UISwitchExtensions.swift */ = {isa = PBXFileReference; fileEncoding = 4; lastKnownFileType = sourcecode.swift; path = UISwitchExtensions.swift; sourceTree = "<group>"; };
		93334D082A1276B80099DFDF /* UIButtonExtensions.swift */ = {isa = PBXFileReference; fileEncoding = 4; lastKnownFileType = sourcecode.swift; path = UIButtonExtensions.swift; sourceTree = "<group>"; };
		93334D092A1276B80099DFDF /* UIApplicationExtensions.swift */ = {isa = PBXFileReference; fileEncoding = 4; lastKnownFileType = sourcecode.swift; path = UIApplicationExtensions.swift; sourceTree = "<group>"; };
		93334D0A2A1276B80099DFDF /* UIImageViewExtensions.swift */ = {isa = PBXFileReference; fileEncoding = 4; lastKnownFileType = sourcecode.swift; path = UIImageViewExtensions.swift; sourceTree = "<group>"; };
		93334D0B2A1276B80099DFDF /* UIRefreshControlExtensions.swift */ = {isa = PBXFileReference; fileEncoding = 4; lastKnownFileType = sourcecode.swift; path = UIRefreshControlExtensions.swift; sourceTree = "<group>"; };
		93334D0C2A1276B80099DFDF /* UIAlertControllerExtensions.swift */ = {isa = PBXFileReference; fileEncoding = 4; lastKnownFileType = sourcecode.swift; path = UIAlertControllerExtensions.swift; sourceTree = "<group>"; };
		93334D0D2A1276B80099DFDF /* UIFontExtensions.swift */ = {isa = PBXFileReference; fileEncoding = 4; lastKnownFileType = sourcecode.swift; path = UIFontExtensions.swift; sourceTree = "<group>"; };
		93334D0E2A1276B80099DFDF /* UIDatePickerExtensions.swift */ = {isa = PBXFileReference; fileEncoding = 4; lastKnownFileType = sourcecode.swift; path = UIDatePickerExtensions.swift; sourceTree = "<group>"; };
		93334D0F2A1276B80099DFDF /* UITextField+Extensions.swift */ = {isa = PBXFileReference; fileEncoding = 4; lastKnownFileType = sourcecode.swift; path = "UITextField+Extensions.swift"; sourceTree = "<group>"; };
		93334D132A1276BB0099DFDF /* UIApplication+Extension.swift */ = {isa = PBXFileReference; fileEncoding = 4; lastKnownFileType = sourcecode.swift; path = "UIApplication+Extension.swift"; sourceTree = "<group>"; };
		93334D142A1276BB0099DFDF /* Obserable+Extension.swift */ = {isa = PBXFileReference; fileEncoding = 4; lastKnownFileType = sourcecode.swift; path = "Obserable+Extension.swift"; sourceTree = "<group>"; };
		93334D152A1276BB0099DFDF /* RowDetailGeneric.swift */ = {isa = PBXFileReference; fileEncoding = 4; lastKnownFileType = sourcecode.swift; path = RowDetailGeneric.swift; sourceTree = "<group>"; };
		93334D162A1276BB0099DFDF /* UIFont+Extension.swift */ = {isa = PBXFileReference; fileEncoding = 4; lastKnownFileType = sourcecode.swift; path = "UIFont+Extension.swift"; sourceTree = "<group>"; };
		93334D172A1276BB0099DFDF /* UITapgesture+Extension.swift */ = {isa = PBXFileReference; fileEncoding = 4; lastKnownFileType = sourcecode.swift; path = "UITapgesture+Extension.swift"; sourceTree = "<group>"; };
		93334D182A1276BB0099DFDF /* UIWindow+Extension.swift */ = {isa = PBXFileReference; fileEncoding = 4; lastKnownFileType = sourcecode.swift; path = "UIWindow+Extension.swift"; sourceTree = "<group>"; };
		93334D192A1276BB0099DFDF /* UILableExtension.swift */ = {isa = PBXFileReference; fileEncoding = 4; lastKnownFileType = sourcecode.swift; path = UILableExtension.swift; sourceTree = "<group>"; };
		93334D1A2A1276BB0099DFDF /* CALayerExtension.swift */ = {isa = PBXFileReference; fileEncoding = 4; lastKnownFileType = sourcecode.swift; path = CALayerExtension.swift; sourceTree = "<group>"; };
		93334D1B2A1276BB0099DFDF /* UITextViewExtension.swift */ = {isa = PBXFileReference; fileEncoding = 4; lastKnownFileType = sourcecode.swift; path = UITextViewExtension.swift; sourceTree = "<group>"; };
		93334D1C2A1276BB0099DFDF /* NumberExtension.swift */ = {isa = PBXFileReference; fileEncoding = 4; lastKnownFileType = sourcecode.swift; path = NumberExtension.swift; sourceTree = "<group>"; };
		93334D1D2A1276BB0099DFDF /* ViewControllerExtension.swift */ = {isa = PBXFileReference; fileEncoding = 4; lastKnownFileType = sourcecode.swift; path = ViewControllerExtension.swift; sourceTree = "<group>"; };
		93334D1E2A1276BB0099DFDF /* Collection+Extension.swift */ = {isa = PBXFileReference; fileEncoding = 4; lastKnownFileType = sourcecode.swift; path = "Collection+Extension.swift"; sourceTree = "<group>"; };
		93334D1F2A1276BB0099DFDF /* UIButton+Extension.swift */ = {isa = PBXFileReference; fileEncoding = 4; lastKnownFileType = sourcecode.swift; path = "UIButton+Extension.swift"; sourceTree = "<group>"; };
		93334D202A1276BB0099DFDF /* UIColor+Extensions.swift */ = {isa = PBXFileReference; fileEncoding = 4; lastKnownFileType = sourcecode.swift; path = "UIColor+Extensions.swift"; sourceTree = "<group>"; };
		93334D212A1276BB0099DFDF /* CustomButton.swift */ = {isa = PBXFileReference; fileEncoding = 4; lastKnownFileType = sourcecode.swift; path = CustomButton.swift; sourceTree = "<group>"; };
		93334D222A1276BB0099DFDF /* CustomSegment.swift */ = {isa = PBXFileReference; fileEncoding = 4; lastKnownFileType = sourcecode.swift; path = CustomSegment.swift; sourceTree = "<group>"; };
		93334D232A1276BB0099DFDF /* Drive+Extension.swift */ = {isa = PBXFileReference; fileEncoding = 4; lastKnownFileType = sourcecode.swift; path = "Drive+Extension.swift"; sourceTree = "<group>"; };
		93334D242A1276BB0099DFDF /* DecimalNumber+Extension.swift */ = {isa = PBXFileReference; fileEncoding = 4; lastKnownFileType = sourcecode.swift; path = "DecimalNumber+Extension.swift"; sourceTree = "<group>"; };
		93334D252A1276BB0099DFDF /* ArrayExxtension.swift */ = {isa = PBXFileReference; fileEncoding = 4; lastKnownFileType = sourcecode.swift; path = ArrayExxtension.swift; sourceTree = "<group>"; };
		93334D262A1276BB0099DFDF /* URL+Extension.swift */ = {isa = PBXFileReference; fileEncoding = 4; lastKnownFileType = sourcecode.swift; path = "URL+Extension.swift"; sourceTree = "<group>"; };
		93334D272A1276BB0099DFDF /* UITextField_Extension.swift */ = {isa = PBXFileReference; fileEncoding = 4; lastKnownFileType = sourcecode.swift; path = UITextField_Extension.swift; sourceTree = "<group>"; };
		93334D282A1276BB0099DFDF /* String+Extension.swift */ = {isa = PBXFileReference; fileEncoding = 4; lastKnownFileType = sourcecode.swift; path = "String+Extension.swift"; sourceTree = "<group>"; };
		93334D292A1276BB0099DFDF /* PropertyWapper.swift */ = {isa = PBXFileReference; fileEncoding = 4; lastKnownFileType = sourcecode.swift; path = PropertyWapper.swift; sourceTree = "<group>"; };
		93334D2A2A1276BB0099DFDF /* ViewExtension.swift */ = {isa = PBXFileReference; fileEncoding = 4; lastKnownFileType = sourcecode.swift; path = ViewExtension.swift; sourceTree = "<group>"; };
		93334D2B2A1276BB0099DFDF /* UIAllertVC+Extension.swift */ = {isa = PBXFileReference; fileEncoding = 4; lastKnownFileType = sourcecode.swift; path = "UIAllertVC+Extension.swift"; sourceTree = "<group>"; };
		93334D2C2A1276BB0099DFDF /* Font+Extension.swift */ = {isa = PBXFileReference; fileEncoding = 4; lastKnownFileType = sourcecode.swift; path = "Font+Extension.swift"; sourceTree = "<group>"; };
		93334D2D2A1276BB0099DFDF /* UIViewController+Rx.swift */ = {isa = PBXFileReference; fileEncoding = 4; lastKnownFileType = sourcecode.swift; path = "UIViewController+Rx.swift"; sourceTree = "<group>"; };
		93334D2E2A1276BB0099DFDF /* ReadMoreTextViewExtension.swift */ = {isa = PBXFileReference; fileEncoding = 4; lastKnownFileType = sourcecode.swift; path = ReadMoreTextViewExtension.swift; sourceTree = "<group>"; };
		93334D2F2A1276BB0099DFDF /* StringExtension.swift */ = {isa = PBXFileReference; fileEncoding = 4; lastKnownFileType = sourcecode.swift; path = StringExtension.swift; sourceTree = "<group>"; };
		93334D302A1276BB0099DFDF /* CodableExtension.swift */ = {isa = PBXFileReference; fileEncoding = 4; lastKnownFileType = sourcecode.swift; path = CodableExtension.swift; sourceTree = "<group>"; };
		93334D312A1276BB0099DFDF /* Encode+Extension.swift */ = {isa = PBXFileReference; fileEncoding = 4; lastKnownFileType = sourcecode.swift; path = "Encode+Extension.swift"; sourceTree = "<group>"; };
		93334D332A1276BB0099DFDF /* PushNotificationHandler.swift */ = {isa = PBXFileReference; fileEncoding = 4; lastKnownFileType = sourcecode.swift; path = PushNotificationHandler.swift; sourceTree = "<group>"; };
		93334D342A1276BB0099DFDF /* ProductViewModel.swift */ = {isa = PBXFileReference; fileEncoding = 4; lastKnownFileType = sourcecode.swift; path = ProductViewModel.swift; sourceTree = "<group>"; };
		93334D352A1276BB0099DFDF /* LabelExtension.swift */ = {isa = PBXFileReference; fileEncoding = 4; lastKnownFileType = sourcecode.swift; path = LabelExtension.swift; sourceTree = "<group>"; };
		93334D362A1276BB0099DFDF /* DateExtension.swift */ = {isa = PBXFileReference; fileEncoding = 4; lastKnownFileType = sourcecode.swift; path = DateExtension.swift; sourceTree = "<group>"; };
		93334D812A1277960099DFDF /* Storage.swift */ = {isa = PBXFileReference; fileEncoding = 4; lastKnownFileType = sourcecode.swift; path = Storage.swift; sourceTree = "<group>"; };
		93334D822A1277960099DFDF /* AppSettings.swift */ = {isa = PBXFileReference; fileEncoding = 4; lastKnownFileType = sourcecode.swift; path = AppSettings.swift; sourceTree = "<group>"; };
		93334D842A1277960099DFDF /* Constant.swift */ = {isa = PBXFileReference; fileEncoding = 4; lastKnownFileType = sourcecode.swift; path = Constant.swift; sourceTree = "<group>"; };
		93334D852A1277960099DFDF /* GetHeightSafeArea.swift */ = {isa = PBXFileReference; fileEncoding = 4; lastKnownFileType = sourcecode.swift; path = GetHeightSafeArea.swift; sourceTree = "<group>"; };
		93334D862A1277960099DFDF /* SettingDefaultFont.swift */ = {isa = PBXFileReference; fileEncoding = 4; lastKnownFileType = sourcecode.swift; path = SettingDefaultFont.swift; sourceTree = "<group>"; };
		93334D882A1277960099DFDF /* ResultURLModel.swift */ = {isa = PBXFileReference; fileEncoding = 4; lastKnownFileType = sourcecode.swift; path = ResultURLModel.swift; sourceTree = "<group>"; };
		933D9F112A1BB65100D47BF4 /* ScreenRecoder.entitlements */ = {isa = PBXFileReference; lastKnownFileType = text.plist.entitlements; path = ScreenRecoder.entitlements; sourceTree = "<group>"; };
		933D9F162A1BB76D00D47BF4 /* BasicExtension.appex */ = {isa = PBXFileReference; explicitFileType = "wrapper.app-extension"; includeInIndex = 0; path = BasicExtension.appex; sourceTree = BUILT_PRODUCTS_DIR; };
		933D9F172A1BB76D00D47BF4 /* ReplayKit.framework */ = {isa = PBXFileReference; lastKnownFileType = wrapper.framework; name = ReplayKit.framework; path = System/Library/Frameworks/ReplayKit.framework; sourceTree = SDKROOT; };
		933D9F1A2A1BB76D00D47BF4 /* SampleHandler.swift */ = {isa = PBXFileReference; lastKnownFileType = sourcecode.swift; path = SampleHandler.swift; sourceTree = "<group>"; };
		933D9F1C2A1BB76D00D47BF4 /* Info.plist */ = {isa = PBXFileReference; lastKnownFileType = text.plist.xml; path = Info.plist; sourceTree = "<group>"; };
		933D9F212A1BB76D00D47BF4 /* BasicExtensionSetupUI.appex */ = {isa = PBXFileReference; explicitFileType = "wrapper.app-extension"; includeInIndex = 0; path = BasicExtensionSetupUI.appex; sourceTree = BUILT_PRODUCTS_DIR; };
		933D9F232A1BB76D00D47BF4 /* UIKit.framework */ = {isa = PBXFileReference; lastKnownFileType = wrapper.framework; name = UIKit.framework; path = System/Library/Frameworks/UIKit.framework; sourceTree = SDKROOT; };
		933D9F262A1BB76D00D47BF4 /* BroadcastSetupViewController.swift */ = {isa = PBXFileReference; lastKnownFileType = sourcecode.swift; path = BroadcastSetupViewController.swift; sourceTree = "<group>"; };
		933D9F282A1BB76D00D47BF4 /* Info.plist */ = {isa = PBXFileReference; lastKnownFileType = text.plist.xml; path = Info.plist; sourceTree = "<group>"; };
		933D9F362A1BB77B00D47BF4 /* BasicExtension.entitlements */ = {isa = PBXFileReference; lastKnownFileType = text.plist.entitlements; path = BasicExtension.entitlements; sourceTree = "<group>"; };
		933D9F382A1BB7E500D47BF4 /* BroadcastWriterHandler.swift */ = {isa = PBXFileReference; lastKnownFileType = sourcecode.swift; path = BroadcastWriterHandler.swift; sourceTree = "<group>"; };
		93ADA5B42A0FBE5A00E16B5D /* ScreenRecoder.app */ = {isa = PBXFileReference; explicitFileType = wrapper.application; includeInIndex = 0; path = ScreenRecoder.app; sourceTree = BUILT_PRODUCTS_DIR; };
		93ADA5B72A0FBE5A00E16B5D /* AppDelegate.swift */ = {isa = PBXFileReference; lastKnownFileType = sourcecode.swift; path = AppDelegate.swift; sourceTree = "<group>"; };
		93ADA5B92A0FBE5A00E16B5D /* SceneDelegate.swift */ = {isa = PBXFileReference; lastKnownFileType = sourcecode.swift; path = SceneDelegate.swift; sourceTree = "<group>"; };
		93ADA5BB2A0FBE5A00E16B5D /* ViewController.swift */ = {isa = PBXFileReference; lastKnownFileType = sourcecode.swift; path = ViewController.swift; sourceTree = "<group>"; };
		93ADA5BE2A0FBE5A00E16B5D /* Base */ = {isa = PBXFileReference; lastKnownFileType = file.storyboard; name = Base; path = Base.lproj/Main.storyboard; sourceTree = "<group>"; };
		93ADA5C02A0FBE5D00E16B5D /* Assets.xcassets */ = {isa = PBXFileReference; lastKnownFileType = folder.assetcatalog; path = Assets.xcassets; sourceTree = "<group>"; };
		93ADA5C32A0FBE5D00E16B5D /* Base */ = {isa = PBXFileReference; lastKnownFileType = file.storyboard; name = Base; path = Base.lproj/LaunchScreen.storyboard; sourceTree = "<group>"; };
		93ADA5C52A0FBE5D00E16B5D /* Info.plist */ = {isa = PBXFileReference; lastKnownFileType = text.plist.xml; path = Info.plist; sourceTree = "<group>"; };
		93C0C30F2A1A4E1000CB48D6 /* RecordFinishVC.xib */ = {isa = PBXFileReference; lastKnownFileType = file.xib; path = RecordFinishVC.xib; sourceTree = "<group>"; };
		93C0C3102A1A4E1000CB48D6 /* RecordFinishVM.swift */ = {isa = PBXFileReference; lastKnownFileType = sourcecode.swift; path = RecordFinishVM.swift; sourceTree = "<group>"; };
		93C0C3112A1A4E1000CB48D6 /* RecordFinishVC.swift */ = {isa = PBXFileReference; lastKnownFileType = sourcecode.swift; path = RecordFinishVC.swift; sourceTree = "<group>"; };
		93C0C3172A1A53B400CB48D6 /* VideoEditorView.xib */ = {isa = PBXFileReference; lastKnownFileType = file.xib; path = VideoEditorView.xib; sourceTree = "<group>"; };
		93C0C3192A1A53C400CB48D6 /* VideoEditorView.swift */ = {isa = PBXFileReference; lastKnownFileType = sourcecode.swift; path = VideoEditorView.swift; sourceTree = "<group>"; };
		93DE10392A1881EC005E1CD0 /* TabbarVC.swift */ = {isa = PBXFileReference; lastKnownFileType = sourcecode.swift; path = TabbarVC.swift; sourceTree = "<group>"; };
		93DE103C2A188263005E1CD0 /* HomeVCVC.xib */ = {isa = PBXFileReference; lastKnownFileType = file.xib; path = HomeVCVC.xib; sourceTree = "<group>"; };
		93DE103D2A188263005E1CD0 /* HomeVCVM.swift */ = {isa = PBXFileReference; lastKnownFileType = sourcecode.swift; path = HomeVCVM.swift; sourceTree = "<group>"; };
		93DE103E2A188263005E1CD0 /* HomeVCVC.swift */ = {isa = PBXFileReference; lastKnownFileType = sourcecode.swift; path = HomeVCVC.swift; sourceTree = "<group>"; };
		93DE10452A18845A005E1CD0 /* swiftgen.yml */ = {isa = PBXFileReference; lastKnownFileType = text.yaml; path = swiftgen.yml; sourceTree = "<group>"; };
		93DE10482A1884BA005E1CD0 /* Assets-Gen.swift */ = {isa = PBXFileReference; fileEncoding = 4; lastKnownFileType = sourcecode.swift; path = "Assets-Gen.swift"; sourceTree = "<group>"; };
		93DE105D2A188C85005E1CD0 /* FontsFree-Net-SFProText-Medium.ttf */ = {isa = PBXFileReference; lastKnownFileType = file; path = "FontsFree-Net-SFProText-Medium.ttf"; sourceTree = "<group>"; };
		93DE105E2A188C88005E1CD0 /* FontsFree-Net-SFProText-Regular.ttf */ = {isa = PBXFileReference; lastKnownFileType = file; path = "FontsFree-Net-SFProText-Regular.ttf"; sourceTree = "<group>"; };
		93DE105F2A188C8B005E1CD0 /* FontsFree-Net-SFProDisplay-Bold.ttf */ = {isa = PBXFileReference; lastKnownFileType = file; path = "FontsFree-Net-SFProDisplay-Bold.ttf"; sourceTree = "<group>"; };
		93DE10602A188C8D005E1CD0 /* FontsFree-Net-SFProText-Semibold.ttf */ = {isa = PBXFileReference; lastKnownFileType = file; path = "FontsFree-Net-SFProText-Semibold.ttf"; sourceTree = "<group>"; };
		93DE10672A18BBEA005E1CD0 /* BaseNavigationColor.swift */ = {isa = PBXFileReference; fileEncoding = 4; lastKnownFileType = sourcecode.swift; path = BaseNavigationColor.swift; sourceTree = "<group>"; };
		93DE10682A18BBEA005E1CD0 /* BaseVC.swift */ = {isa = PBXFileReference; fileEncoding = 4; lastKnownFileType = sourcecode.swift; path = BaseVC.swift; sourceTree = "<group>"; };
		93DE106B2A18BBEA005E1CD0 /* SetUpBase.swift */ = {isa = PBXFileReference; fileEncoding = 4; lastKnownFileType = sourcecode.swift; path = SetUpBase.swift; sourceTree = "<group>"; };
		93DE106D2A18BBEA005E1CD0 /* ShowAlertProtocol.swift */ = {isa = PBXFileReference; fileEncoding = 4; lastKnownFileType = sourcecode.swift; path = ShowAlertProtocol.swift; sourceTree = "<group>"; };
		93DE106F2A18BBEA005E1CD0 /* NavigationProtocol.swift */ = {isa = PBXFileReference; fileEncoding = 4; lastKnownFileType = sourcecode.swift; path = NavigationProtocol.swift; sourceTree = "<group>"; };
		93DE10712A18BBEA005E1CD0 /* BaseModelReponseSuccess.swift */ = {isa = PBXFileReference; fileEncoding = 4; lastKnownFileType = sourcecode.swift; path = BaseModelReponseSuccess.swift; sourceTree = "<group>"; };
		93DE10742A18BBEA005E1CD0 /* BaseModelImageText.swift */ = {isa = PBXFileReference; fileEncoding = 4; lastKnownFileType = sourcecode.swift; path = BaseModelImageText.swift; sourceTree = "<group>"; };
		93DE10812A18BE1D005E1CD0 /* ManageApp.swift */ = {isa = PBXFileReference; lastKnownFileType = sourcecode.swift; path = ManageApp.swift; sourceTree = "<group>"; };
		93DE10842A18BE9E005E1CD0 /* HomeCell.swift */ = {isa = PBXFileReference; lastKnownFileType = sourcecode.swift; path = HomeCell.swift; sourceTree = "<group>"; };
		93DE10852A18BE9E005E1CD0 /* HomeCell.xib */ = {isa = PBXFileReference; lastKnownFileType = file.xib; path = HomeCell.xib; sourceTree = "<group>"; };
		93DE10892A1A4124005E1CD0 /* ScreenRecorderVC.xib */ = {isa = PBXFileReference; lastKnownFileType = file.xib; path = ScreenRecorderVC.xib; sourceTree = "<group>"; };
		93DE108A2A1A4124005E1CD0 /* ScreenRecorderVM.swift */ = {isa = PBXFileReference; lastKnownFileType = sourcecode.swift; path = ScreenRecorderVM.swift; sourceTree = "<group>"; };
		93DE108B2A1A4124005E1CD0 /* ScreenRecorderVC.swift */ = {isa = PBXFileReference; lastKnownFileType = sourcecode.swift; path = ScreenRecorderVC.swift; sourceTree = "<group>"; };
		F99BC643D2A88446E3F676B6 /* Pods-ScreenRecoder.release.xcconfig */ = {isa = PBXFileReference; includeInIndex = 1; lastKnownFileType = text.xcconfig; name = "Pods-ScreenRecoder.release.xcconfig"; path = "Target Support Files/Pods-ScreenRecoder/Pods-ScreenRecoder.release.xcconfig"; sourceTree = "<group>"; };
/* End PBXFileReference section */

/* Begin PBXFrameworksBuildPhase section */
		933D9F132A1BB76C00D47BF4 /* Frameworks */ = {
			isa = PBXFrameworksBuildPhase;
			buildActionMask = 2147483647;
			files = (
				933D9F182A1BB76D00D47BF4 /* ReplayKit.framework in Frameworks */,
			);
			runOnlyForDeploymentPostprocessing = 0;
		};
		933D9F1E2A1BB76D00D47BF4 /* Frameworks */ = {
			isa = PBXFrameworksBuildPhase;
			buildActionMask = 2147483647;
			files = (
				933D9F222A1BB76D00D47BF4 /* ReplayKit.framework in Frameworks */,
				933D9F242A1BB76D00D47BF4 /* UIKit.framework in Frameworks */,
			);
			runOnlyForDeploymentPostprocessing = 0;
		};
		93ADA5B12A0FBE5A00E16B5D /* Frameworks */ = {
			isa = PBXFrameworksBuildPhase;
			buildActionMask = 2147483647;
			files = (
				0458C0779BACAE5EB3249494 /* Pods_ScreenRecoder.framework in Frameworks */,
			);
			runOnlyForDeploymentPostprocessing = 0;
		};
/* End PBXFrameworksBuildPhase section */

/* Begin PBXGroup section */
		39E3BBD71F652B0FE2C6A7F7 /* Frameworks */ = {
			isa = PBXGroup;
			children = (
				1522C6CB34597DCDF49E0042 /* Pods_ScreenRecoder.framework */,
				933D9F172A1BB76D00D47BF4 /* ReplayKit.framework */,
				933D9F232A1BB76D00D47BF4 /* UIKit.framework */,
			);
			name = Frameworks;
			sourceTree = "<group>";
		};
		93334CEA2A1276B80099DFDF /* Categories */ = {
			isa = PBXGroup;
			children = (
				93334CEB2A1276B80099DFDF /* UIKit */,
			);
			path = Categories;
			sourceTree = "<group>";
		};
		93334CEB2A1276B80099DFDF /* UIKit */ = {
			isa = PBXGroup;
			children = (
				93334CEC2A1276B80099DFDF /* UISearchBarExtensions.swift */,
				93334CED2A1276B80099DFDF /* UITableViewExtensions.swift */,
				93334CEE2A1276B80099DFDF /* UIEdgeInsetsExtensions.swift */,
				93334CEF2A1276B80099DFDF /* UIScrollViewExtensions.swift */,
				93334CF02A1276B80099DFDF /* UILayoutPriorityExtensions.swift */,
				93334CF12A1276B80099DFDF /* UINavigationItemExtensions.swift */,
				93334CF22A1276B80099DFDF /* UIStackViewExtensions.swift */,
				93334CF32A1276B80099DFDF /* UIView+Extension.swift */,
				93334CF42A1276B80099DFDF /* UICollectionViewExtensions.swift */,
				93334CF52A1276B80099DFDF /* UIImage+Extensions.swift */,
				93334CF62A1276B80099DFDF /* UITextViewExtensions.swift */,
				93334CF72A1276B80099DFDF /* UIBarButtonItemExtensions.swift */,
				93334CF82A1276B80099DFDF /* UIStoryboardExtensions.swift */,
				93334CF92A1276B80099DFDF /* UITabBarExtensions.swift */,
				93334CFA2A1276B80099DFDF /* UISegmentedControlExtensions.swift */,
				93334CFB2A1276B80099DFDF /* ColorExtensions.swift */,
				93334CFC2A1276B80099DFDF /* UINavigationBarExtensions.swift */,
				93334CFD2A1276B80099DFDF /* UIActivityExtensions.swift */,
				93334CFE2A1276B80099DFDF /* UISliderExtensions.swift */,
				93334CFF2A1276B80099DFDF /* UIViewControllerExtensions.swift */,
				93334D002A1276B80099DFDF /* UIImageExtensions.swift */,
				93334D012A1276B80099DFDF /* UINavigationControllerExtensions.swift */,
				93334D022A1276B80099DFDF /* UIViewExtensions.swift */,
				93334D032A1276B80099DFDF /* UIGestureRecognizerExtensions.swift */,
				93334D042A1276B80099DFDF /* ActivityExt.swift */,
				93334D052A1276B80099DFDF /* UIWindowExtensions.swift */,
				93334D062A1276B80099DFDF /* UILabelExtensions.swift */,
				93334D072A1276B80099DFDF /* UISwitchExtensions.swift */,
				93334D082A1276B80099DFDF /* UIButtonExtensions.swift */,
				93334D092A1276B80099DFDF /* UIApplicationExtensions.swift */,
				93334D0A2A1276B80099DFDF /* UIImageViewExtensions.swift */,
				93334D0B2A1276B80099DFDF /* UIRefreshControlExtensions.swift */,
				93334D0C2A1276B80099DFDF /* UIAlertControllerExtensions.swift */,
				93334D0D2A1276B80099DFDF /* UIFontExtensions.swift */,
				93334D0E2A1276B80099DFDF /* UIDatePickerExtensions.swift */,
				93334D0F2A1276B80099DFDF /* UITextField+Extensions.swift */,
			);
			path = UIKit;
			sourceTree = "<group>";
		};
		93334D122A1276BB0099DFDF /* Library */ = {
			isa = PBXGroup;
			children = (
				93334D132A1276BB0099DFDF /* UIApplication+Extension.swift */,
				93334D142A1276BB0099DFDF /* Obserable+Extension.swift */,
				93334D152A1276BB0099DFDF /* RowDetailGeneric.swift */,
				93334D162A1276BB0099DFDF /* UIFont+Extension.swift */,
				93334D172A1276BB0099DFDF /* UITapgesture+Extension.swift */,
				93334D182A1276BB0099DFDF /* UIWindow+Extension.swift */,
				93334D192A1276BB0099DFDF /* UILableExtension.swift */,
				93334D1A2A1276BB0099DFDF /* CALayerExtension.swift */,
				93334D1B2A1276BB0099DFDF /* UITextViewExtension.swift */,
				93334D1C2A1276BB0099DFDF /* NumberExtension.swift */,
				93334D1D2A1276BB0099DFDF /* ViewControllerExtension.swift */,
				93334D1E2A1276BB0099DFDF /* Collection+Extension.swift */,
				93334D1F2A1276BB0099DFDF /* UIButton+Extension.swift */,
				93334D202A1276BB0099DFDF /* UIColor+Extensions.swift */,
				93334D212A1276BB0099DFDF /* CustomButton.swift */,
				93334D222A1276BB0099DFDF /* CustomSegment.swift */,
				93334D232A1276BB0099DFDF /* Drive+Extension.swift */,
				93334D242A1276BB0099DFDF /* DecimalNumber+Extension.swift */,
				93334D252A1276BB0099DFDF /* ArrayExxtension.swift */,
				93334D262A1276BB0099DFDF /* URL+Extension.swift */,
				93334D272A1276BB0099DFDF /* UITextField_Extension.swift */,
				93334D282A1276BB0099DFDF /* String+Extension.swift */,
				93334D292A1276BB0099DFDF /* PropertyWapper.swift */,
				93334D2A2A1276BB0099DFDF /* ViewExtension.swift */,
				93334D2B2A1276BB0099DFDF /* UIAllertVC+Extension.swift */,
				93334D2C2A1276BB0099DFDF /* Font+Extension.swift */,
				93334D2D2A1276BB0099DFDF /* UIViewController+Rx.swift */,
				93334D2E2A1276BB0099DFDF /* ReadMoreTextViewExtension.swift */,
				93334D2F2A1276BB0099DFDF /* StringExtension.swift */,
				93334D302A1276BB0099DFDF /* CodableExtension.swift */,
				93334D312A1276BB0099DFDF /* Encode+Extension.swift */,
				93334D322A1276BB0099DFDF /* PushNotification */,
				93334D352A1276BB0099DFDF /* LabelExtension.swift */,
				93334D362A1276BB0099DFDF /* DateExtension.swift */,
			);
			path = Library;
			sourceTree = "<group>";
		};
		93334D322A1276BB0099DFDF /* PushNotification */ = {
			isa = PBXGroup;
			children = (
				93334D332A1276BB0099DFDF /* PushNotificationHandler.swift */,
				93334D342A1276BB0099DFDF /* ProductViewModel.swift */,
			);
			path = PushNotification;
			sourceTree = "<group>";
		};
		93334D7F2A1277960099DFDF /* Common */ = {
			isa = PBXGroup;
			children = (
				93334D802A1277960099DFDF /* AppConfig */,
				93334D832A1277960099DFDF /* Constant */,
				93334D872A1277960099DFDF /* ResultURLModel */,
			);
			path = Common;
			sourceTree = "<group>";
		};
		93334D802A1277960099DFDF /* AppConfig */ = {
			isa = PBXGroup;
			children = (
				93334D812A1277960099DFDF /* Storage.swift */,
				93334D822A1277960099DFDF /* AppSettings.swift */,
			);
			path = AppConfig;
			sourceTree = "<group>";
		};
		93334D832A1277960099DFDF /* Constant */ = {
			isa = PBXGroup;
			children = (
				93334D842A1277960099DFDF /* Constant.swift */,
				93334D852A1277960099DFDF /* GetHeightSafeArea.swift */,
				93334D862A1277960099DFDF /* SettingDefaultFont.swift */,
			);
			path = Constant;
			sourceTree = "<group>";
		};
		93334D872A1277960099DFDF /* ResultURLModel */ = {
			isa = PBXGroup;
			children = (
				93334D882A1277960099DFDF /* ResultURLModel.swift */,
			);
			path = ResultURLModel;
			sourceTree = "<group>";
		};
		933D9F192A1BB76D00D47BF4 /* BasicExtension */ = {
			isa = PBXGroup;
			children = (
				933D9F372A1BB7D000D47BF4 /* BroadcastWriterHandler */,
				933D9F362A1BB77B00D47BF4 /* BasicExtension.entitlements */,
				933D9F1A2A1BB76D00D47BF4 /* SampleHandler.swift */,
				933D9F1C2A1BB76D00D47BF4 /* Info.plist */,
			);
			path = BasicExtension;
			sourceTree = "<group>";
		};
		933D9F252A1BB76D00D47BF4 /* BasicExtensionSetupUI */ = {
			isa = PBXGroup;
			children = (
				933D9F262A1BB76D00D47BF4 /* BroadcastSetupViewController.swift */,
				933D9F282A1BB76D00D47BF4 /* Info.plist */,
			);
			path = BasicExtensionSetupUI;
			sourceTree = "<group>";
		};
		933D9F372A1BB7D000D47BF4 /* BroadcastWriterHandler */ = {
			isa = PBXGroup;
			children = (
				933D9F382A1BB7E500D47BF4 /* BroadcastWriterHandler.swift */,
			);
			path = BroadcastWriterHandler;
			sourceTree = "<group>";
		};
		93ABCBCC2A17B75600E5608B /* Modules */ = {
			isa = PBXGroup;
			children = (
				93C0C30E2A1A4DEA00CB48D6 /* RecordFinish */,
				93DE10882A1A410B005E1CD0 /* ScreenRecorder */,
				93DE103B2A188256005E1CD0 /* Home */,
				93ABCBCD2A17B76400E5608B /* Tabbar */,
			);
			path = Modules;
			sourceTree = "<group>";
		};
		93ABCBCD2A17B76400E5608B /* Tabbar */ = {
			isa = PBXGroup;
			children = (
				93DE10392A1881EC005E1CD0 /* TabbarVC.swift */,
			);
			path = Tabbar;
			sourceTree = "<group>";
		};
		93ADA5AB2A0FBE5A00E16B5D = {
			isa = PBXGroup;
			children = (
				93ADA5B62A0FBE5A00E16B5D /* ScreenRecoder */,
				933D9F192A1BB76D00D47BF4 /* BasicExtension */,
				933D9F252A1BB76D00D47BF4 /* BasicExtensionSetupUI */,
				93ADA5B52A0FBE5A00E16B5D /* Products */,
				A569A65B25CBF8FAAADA41F6 /* Pods */,
				39E3BBD71F652B0FE2C6A7F7 /* Frameworks */,
			);
			sourceTree = "<group>";
		};
		93ADA5B52A0FBE5A00E16B5D /* Products */ = {
			isa = PBXGroup;
			children = (
				93ADA5B42A0FBE5A00E16B5D /* ScreenRecoder.app */,
				933D9F162A1BB76D00D47BF4 /* BasicExtension.appex */,
				933D9F212A1BB76D00D47BF4 /* BasicExtensionSetupUI.appex */,
			);
			name = Products;
			sourceTree = "<group>";
		};
		93ADA5B62A0FBE5A00E16B5D /* ScreenRecoder */ = {
			isa = PBXGroup;
			children = (
				933D9F112A1BB65100D47BF4 /* ScreenRecoder.entitlements */,
				93DE10452A18845A005E1CD0 /* swiftgen.yml */,
				93DE10532A188C3E005E1CD0 /* Resource */,
				93DE10472A18847E005E1CD0 /* SwiftGen */,
				93334CEA2A1276B80099DFDF /* Categories */,
				93334D7F2A1277960099DFDF /* Common */,
				93334D122A1276BB0099DFDF /* Library */,
				93C0C3152A1A538C00CB48D6 /* Views */,
				93DE10422A188272005E1CD0 /* Base */,
				93DE10802A18BE04005E1CD0 /* ManageApp */,
				93ABCBCC2A17B75600E5608B /* Modules */,
				93ADA5B72A0FBE5A00E16B5D /* AppDelegate.swift */,
				93ADA5B92A0FBE5A00E16B5D /* SceneDelegate.swift */,
				93ADA5BB2A0FBE5A00E16B5D /* ViewController.swift */,
				93ADA5BD2A0FBE5A00E16B5D /* Main.storyboard */,
				93ADA5C02A0FBE5D00E16B5D /* Assets.xcassets */,
				93ADA5C22A0FBE5D00E16B5D /* LaunchScreen.storyboard */,
				93ADA5C52A0FBE5D00E16B5D /* Info.plist */,
			);
			path = ScreenRecoder;
			sourceTree = "<group>";
		};
		93C0C30E2A1A4DEA00CB48D6 /* RecordFinish */ = {
			isa = PBXGroup;
			children = (
				93C0C30F2A1A4E1000CB48D6 /* RecordFinishVC.xib */,
				93C0C3102A1A4E1000CB48D6 /* RecordFinishVM.swift */,
				93C0C3112A1A4E1000CB48D6 /* RecordFinishVC.swift */,
			);
			path = RecordFinish;
			sourceTree = "<group>";
		};
		93C0C3152A1A538C00CB48D6 /* Views */ = {
			isa = PBXGroup;
			children = (
				93C0C3162A1A539A00CB48D6 /* VideoEditor */,
			);
			path = Views;
			sourceTree = "<group>";
		};
		93C0C3162A1A539A00CB48D6 /* VideoEditor */ = {
			isa = PBXGroup;
			children = (
				93C0C3172A1A53B400CB48D6 /* VideoEditorView.xib */,
				93C0C3192A1A53C400CB48D6 /* VideoEditorView.swift */,
			);
			path = VideoEditor;
			sourceTree = "<group>";
		};
		93DE103B2A188256005E1CD0 /* Home */ = {
			isa = PBXGroup;
			children = (
				93DE10832A18BE7A005E1CD0 /* Cell */,
				93DE103C2A188263005E1CD0 /* HomeVCVC.xib */,
				93DE103D2A188263005E1CD0 /* HomeVCVM.swift */,
				93DE103E2A188263005E1CD0 /* HomeVCVC.swift */,
			);
			path = Home;
			sourceTree = "<group>";
		};
		93DE10422A188272005E1CD0 /* Base */ = {
			isa = PBXGroup;
			children = (
				93DE10652A18BBEA005E1CD0 /* BaseVC */,
			);
			path = Base;
			sourceTree = "<group>";
		};
		93DE10472A18847E005E1CD0 /* SwiftGen */ = {
			isa = PBXGroup;
			children = (
				93DE10482A1884BA005E1CD0 /* Assets-Gen.swift */,
			);
			path = SwiftGen;
			sourceTree = "<group>";
		};
		93DE10532A188C3E005E1CD0 /* Resource */ = {
			isa = PBXGroup;
			children = (
				93DE105F2A188C8B005E1CD0 /* FontsFree-Net-SFProDisplay-Bold.ttf */,
				93DE105D2A188C85005E1CD0 /* FontsFree-Net-SFProText-Medium.ttf */,
				93DE105E2A188C88005E1CD0 /* FontsFree-Net-SFProText-Regular.ttf */,
				93DE10602A188C8D005E1CD0 /* FontsFree-Net-SFProText-Semibold.ttf */,
				93DE10552A188C5B005E1CD0 /* SFPro */,
			);
			path = Resource;
			sourceTree = "<group>";
		};
		93DE10552A188C5B005E1CD0 /* SFPro */ = {
			isa = PBXGroup;
			children = (
			);
			name = SFPro;
			path = "ScreenRecoder/Réources/SFPro";
			sourceTree = SOURCE_ROOT;
		};
		93DE10652A18BBEA005E1CD0 /* BaseVC */ = {
			isa = PBXGroup;
			children = (
				93DE10672A18BBEA005E1CD0 /* BaseNavigationColor.swift */,
				93DE10682A18BBEA005E1CD0 /* BaseVC.swift */,
				93DE10692A18BBEA005E1CD0 /* Protocol */,
				93DE10732A18BBEA005E1CD0 /* Model */,
			);
			path = BaseVC;
			sourceTree = "<group>";
		};
		93DE10692A18BBEA005E1CD0 /* Protocol */ = {
			isa = PBXGroup;
			children = (
				93DE106A2A18BBEA005E1CD0 /* SetupCommon */,
				93DE106C2A18BBEA005E1CD0 /* ShowAlertCommon */,
				93DE106E2A18BBEA005E1CD0 /* Navigation */,
				93DE10702A18BBEA005E1CD0 /* BaseModelReponseSuccess */,
			);
			path = Protocol;
			sourceTree = "<group>";
		};
		93DE106A2A18BBEA005E1CD0 /* SetupCommon */ = {
			isa = PBXGroup;
			children = (
				93DE106B2A18BBEA005E1CD0 /* SetUpBase.swift */,
			);
			path = SetupCommon;
			sourceTree = "<group>";
		};
		93DE106C2A18BBEA005E1CD0 /* ShowAlertCommon */ = {
			isa = PBXGroup;
			children = (
				93DE106D2A18BBEA005E1CD0 /* ShowAlertProtocol.swift */,
			);
			path = ShowAlertCommon;
			sourceTree = "<group>";
		};
		93DE106E2A18BBEA005E1CD0 /* Navigation */ = {
			isa = PBXGroup;
			children = (
				93DE106F2A18BBEA005E1CD0 /* NavigationProtocol.swift */,
			);
			path = Navigation;
			sourceTree = "<group>";
		};
		93DE10702A18BBEA005E1CD0 /* BaseModelReponseSuccess */ = {
			isa = PBXGroup;
			children = (
				93DE10712A18BBEA005E1CD0 /* BaseModelReponseSuccess.swift */,
			);
			path = BaseModelReponseSuccess;
			sourceTree = "<group>";
		};
		93DE10732A18BBEA005E1CD0 /* Model */ = {
			isa = PBXGroup;
			children = (
				93DE10742A18BBEA005E1CD0 /* BaseModelImageText.swift */,
			);
			path = Model;
			sourceTree = "<group>";
		};
		93DE10802A18BE04005E1CD0 /* ManageApp */ = {
			isa = PBXGroup;
			children = (
				93DE10812A18BE1D005E1CD0 /* ManageApp.swift */,
			);
			path = ManageApp;
			sourceTree = "<group>";
		};
		93DE10832A18BE7A005E1CD0 /* Cell */ = {
			isa = PBXGroup;
			children = (
				93DE10842A18BE9E005E1CD0 /* HomeCell.swift */,
				93DE10852A18BE9E005E1CD0 /* HomeCell.xib */,
			);
			path = Cell;
			sourceTree = "<group>";
		};
		93DE10882A1A410B005E1CD0 /* ScreenRecorder */ = {
			isa = PBXGroup;
			children = (
				93DE10892A1A4124005E1CD0 /* ScreenRecorderVC.xib */,
				93DE108A2A1A4124005E1CD0 /* ScreenRecorderVM.swift */,
				93DE108B2A1A4124005E1CD0 /* ScreenRecorderVC.swift */,
			);
			path = ScreenRecorder;
			sourceTree = "<group>";
		};
		A569A65B25CBF8FAAADA41F6 /* Pods */ = {
			isa = PBXGroup;
			children = (
				68738BFFBC6124726BFE0297 /* Pods-ScreenRecoder.debug.xcconfig */,
				F99BC643D2A88446E3F676B6 /* Pods-ScreenRecoder.release.xcconfig */,
			);
			path = Pods;
			sourceTree = "<group>";
		};
/* End PBXGroup section */

/* Begin PBXNativeTarget section */
		933D9F152A1BB76C00D47BF4 /* BasicExtension */ = {
			isa = PBXNativeTarget;
			buildConfigurationList = 933D9F322A1BB76D00D47BF4 /* Build configuration list for PBXNativeTarget "BasicExtension" */;
			buildPhases = (
				933D9F122A1BB76C00D47BF4 /* Sources */,
				933D9F132A1BB76C00D47BF4 /* Frameworks */,
				933D9F142A1BB76C00D47BF4 /* Resources */,
			);
			buildRules = (
			);
			dependencies = (
			);
			name = BasicExtension;
			productName = BasicExtension;
			productReference = 933D9F162A1BB76D00D47BF4 /* BasicExtension.appex */;
			productType = "com.apple.product-type.app-extension";
		};
		933D9F202A1BB76D00D47BF4 /* BasicExtensionSetupUI */ = {
			isa = PBXNativeTarget;
			buildConfigurationList = 933D9F2F2A1BB76D00D47BF4 /* Build configuration list for PBXNativeTarget "BasicExtensionSetupUI" */;
			buildPhases = (
				933D9F1D2A1BB76D00D47BF4 /* Sources */,
				933D9F1E2A1BB76D00D47BF4 /* Frameworks */,
				933D9F1F2A1BB76D00D47BF4 /* Resources */,
			);
			buildRules = (
			);
			dependencies = (
			);
			name = BasicExtensionSetupUI;
			productName = BasicExtensionSetupUI;
			productReference = 933D9F212A1BB76D00D47BF4 /* BasicExtensionSetupUI.appex */;
			productType = "com.apple.product-type.app-extension";
		};
		93ADA5B32A0FBE5A00E16B5D /* ScreenRecoder */ = {
			isa = PBXNativeTarget;
			buildConfigurationList = 93ADA5C82A0FBE5D00E16B5D /* Build configuration list for PBXNativeTarget "ScreenRecoder" */;
			buildPhases = (
				1197054BE05EF93FB96B2902 /* [CP] Check Pods Manifest.lock */,
				93ADA5B02A0FBE5A00E16B5D /* Sources */,
				93ADA5B12A0FBE5A00E16B5D /* Frameworks */,
				93ADA5B22A0FBE5A00E16B5D /* Resources */,
				24A3687ABE36491216543EF9 /* [CP] Embed Pods Frameworks */,
				933D9F352A1BB76D00D47BF4 /* Embed Foundation Extensions */,
			);
			buildRules = (
			);
			dependencies = (
				933D9F2A2A1BB76D00D47BF4 /* PBXTargetDependency */,
				933D9F2D2A1BB76D00D47BF4 /* PBXTargetDependency */,
			);
			name = ScreenRecoder;
			productName = ScreenRecoder;
			productReference = 93ADA5B42A0FBE5A00E16B5D /* ScreenRecoder.app */;
			productType = "com.apple.product-type.application";
		};
/* End PBXNativeTarget section */

/* Begin PBXProject section */
		93ADA5AC2A0FBE5A00E16B5D /* Project object */ = {
			isa = PBXProject;
			attributes = {
				BuildIndependentTargetsInParallel = 1;
				LastSwiftUpdateCheck = 1430;
				LastUpgradeCheck = 1430;
				TargetAttributes = {
					933D9F152A1BB76C00D47BF4 = {
						CreatedOnToolsVersion = 14.3;
					};
					933D9F202A1BB76D00D47BF4 = {
						CreatedOnToolsVersion = 14.3;
					};
					93ADA5B32A0FBE5A00E16B5D = {
						CreatedOnToolsVersion = 14.3;
					};
				};
			};
			buildConfigurationList = 93ADA5AF2A0FBE5A00E16B5D /* Build configuration list for PBXProject "ScreenRecoder" */;
			compatibilityVersion = "Xcode 14.0";
			developmentRegion = en;
			hasScannedForEncodings = 0;
			knownRegions = (
				en,
				Base,
			);
			mainGroup = 93ADA5AB2A0FBE5A00E16B5D;
			productRefGroup = 93ADA5B52A0FBE5A00E16B5D /* Products */;
			projectDirPath = "";
			projectRoot = "";
			targets = (
				93ADA5B32A0FBE5A00E16B5D /* ScreenRecoder */,
				933D9F152A1BB76C00D47BF4 /* BasicExtension */,
				933D9F202A1BB76D00D47BF4 /* BasicExtensionSetupUI */,
			);
		};
/* End PBXProject section */

/* Begin PBXResourcesBuildPhase section */
		933D9F142A1BB76C00D47BF4 /* Resources */ = {
			isa = PBXResourcesBuildPhase;
			buildActionMask = 2147483647;
			files = (
			);
			runOnlyForDeploymentPostprocessing = 0;
		};
		933D9F1F2A1BB76D00D47BF4 /* Resources */ = {
			isa = PBXResourcesBuildPhase;
			buildActionMask = 2147483647;
			files = (
			);
			runOnlyForDeploymentPostprocessing = 0;
		};
		93ADA5B22A0FBE5A00E16B5D /* Resources */ = {
			isa = PBXResourcesBuildPhase;
			buildActionMask = 2147483647;
			files = (
				93DE103F2A188263005E1CD0 /* HomeVCVC.xib in Resources */,
				93C0C3182A1A53B400CB48D6 /* VideoEditorView.xib in Resources */,
				93DE10462A18845A005E1CD0 /* swiftgen.yml in Resources */,
				93DE10632A188C8E005E1CD0 /* FontsFree-Net-SFProDisplay-Bold.ttf in Resources */,
				93DE10642A188C8E005E1CD0 /* FontsFree-Net-SFProText-Semibold.ttf in Resources */,
				93DE10872A18BE9E005E1CD0 /* HomeCell.xib in Resources */,
				93DE10622A188C8E005E1CD0 /* FontsFree-Net-SFProText-Regular.ttf in Resources */,
				93DE10612A188C8E005E1CD0 /* FontsFree-Net-SFProText-Medium.ttf in Resources */,
				93DE108C2A1A4124005E1CD0 /* ScreenRecorderVC.xib in Resources */,
				93C0C3122A1A4E1100CB48D6 /* RecordFinishVC.xib in Resources */,
				93ADA5C42A0FBE5D00E16B5D /* LaunchScreen.storyboard in Resources */,
				93ADA5C12A0FBE5D00E16B5D /* Assets.xcassets in Resources */,
				93ADA5BF2A0FBE5A00E16B5D /* Main.storyboard in Resources */,
			);
			runOnlyForDeploymentPostprocessing = 0;
		};
/* End PBXResourcesBuildPhase section */

/* Begin PBXShellScriptBuildPhase section */
		1197054BE05EF93FB96B2902 /* [CP] Check Pods Manifest.lock */ = {
			isa = PBXShellScriptBuildPhase;
			buildActionMask = 2147483647;
			files = (
			);
			inputFileListPaths = (
			);
			inputPaths = (
				"${PODS_PODFILE_DIR_PATH}/Podfile.lock",
				"${PODS_ROOT}/Manifest.lock",
			);
			name = "[CP] Check Pods Manifest.lock";
			outputFileListPaths = (
			);
			outputPaths = (
				"$(DERIVED_FILE_DIR)/Pods-ScreenRecoder-checkManifestLockResult.txt",
			);
			runOnlyForDeploymentPostprocessing = 0;
			shellPath = /bin/sh;
			shellScript = "diff \"${PODS_PODFILE_DIR_PATH}/Podfile.lock\" \"${PODS_ROOT}/Manifest.lock\" > /dev/null\nif [ $? != 0 ] ; then\n    # print error to STDERR\n    echo \"error: The sandbox is not in sync with the Podfile.lock. Run 'pod install' or update your CocoaPods installation.\" >&2\n    exit 1\nfi\n# This output is used by Xcode 'outputs' to avoid re-running this script phase.\necho \"SUCCESS\" > \"${SCRIPT_OUTPUT_FILE_0}\"\n";
			showEnvVarsInLog = 0;
		};
		24A3687ABE36491216543EF9 /* [CP] Embed Pods Frameworks */ = {
			isa = PBXShellScriptBuildPhase;
			buildActionMask = 2147483647;
			files = (
			);
			inputFileListPaths = (
				"${PODS_ROOT}/Target Support Files/Pods-ScreenRecoder/Pods-ScreenRecoder-frameworks-${CONFIGURATION}-input-files.xcfilelist",
			);
			name = "[CP] Embed Pods Frameworks";
			outputFileListPaths = (
				"${PODS_ROOT}/Target Support Files/Pods-ScreenRecoder/Pods-ScreenRecoder-frameworks-${CONFIGURATION}-output-files.xcfilelist",
			);
			runOnlyForDeploymentPostprocessing = 0;
			shellPath = /bin/sh;
			shellScript = "\"${PODS_ROOT}/Target Support Files/Pods-ScreenRecoder/Pods-ScreenRecoder-frameworks.sh\"\n";
			showEnvVarsInLog = 0;
		};
/* End PBXShellScriptBuildPhase section */

/* Begin PBXSourcesBuildPhase section */
		933D9F122A1BB76C00D47BF4 /* Sources */ = {
			isa = PBXSourcesBuildPhase;
			buildActionMask = 2147483647;
			files = (
				933D9F1B2A1BB76D00D47BF4 /* SampleHandler.swift in Sources */,
				933D9F392A1BB7E500D47BF4 /* BroadcastWriterHandler.swift in Sources */,
			);
			runOnlyForDeploymentPostprocessing = 0;
		};
		933D9F1D2A1BB76D00D47BF4 /* Sources */ = {
			isa = PBXSourcesBuildPhase;
			buildActionMask = 2147483647;
			files = (
				933D9F272A1BB76D00D47BF4 /* BroadcastSetupViewController.swift in Sources */,
			);
			runOnlyForDeploymentPostprocessing = 0;
		};
		93ADA5B02A0FBE5A00E16B5D /* Sources */ = {
			isa = PBXSourcesBuildPhase;
			buildActionMask = 2147483647;
			files = (
				93DE108E2A1A4124005E1CD0 /* ScreenRecorderVC.swift in Sources */,
				93DE107B2A18BBEA005E1CD0 /* NavigationProtocol.swift in Sources */,
				93334D5A2A1276BB0099DFDF /* UITextField+Extensions.swift in Sources */,
				93334D5C2A1276BB0099DFDF /* UIApplication+Extension.swift in Sources */,
				93334D7A2A1276BB0099DFDF /* Encode+Extension.swift in Sources */,
				93334D752A1276BB0099DFDF /* Font+Extension.swift in Sources */,
				93334D6E2A1276BB0099DFDF /* ArrayExxtension.swift in Sources */,
				93334D492A1276BB0099DFDF /* UISliderExtensions.swift in Sources */,
				93334D592A1276BB0099DFDF /* UIDatePickerExtensions.swift in Sources */,
				93334D502A1276BB0099DFDF /* UIWindowExtensions.swift in Sources */,
				93334D732A1276BB0099DFDF /* ViewExtension.swift in Sources */,
				93334D762A1276BB0099DFDF /* UIViewController+Rx.swift in Sources */,
				93334D7C2A1276BB0099DFDF /* ProductViewModel.swift in Sources */,
				93334D512A1276BB0099DFDF /* UILabelExtensions.swift in Sources */,
				93334D462A1276BB0099DFDF /* ColorExtensions.swift in Sources */,
				93334D682A1276BB0099DFDF /* UIButton+Extension.swift in Sources */,
				93334D7D2A1276BB0099DFDF /* LabelExtension.swift in Sources */,
				93334D4F2A1276BB0099DFDF /* ActivityExt.swift in Sources */,
				93334D472A1276BB0099DFDF /* UINavigationBarExtensions.swift in Sources */,
				93DE107E2A18BBEA005E1CD0 /* BaseModelImageText.swift in Sources */,
				93334D792A1276BB0099DFDF /* CodableExtension.swift in Sources */,
				93334D4B2A1276BB0099DFDF /* UIImageExtensions.swift in Sources */,
				93334D5F2A1276BB0099DFDF /* UIFont+Extension.swift in Sources */,
				93334D3E2A1276BB0099DFDF /* UIView+Extension.swift in Sources */,
				93334D382A1276BB0099DFDF /* UITableViewExtensions.swift in Sources */,
				93C0C3142A1A4E1100CB48D6 /* RecordFinishVC.swift in Sources */,
				93334D482A1276BB0099DFDF /* UIActivityExtensions.swift in Sources */,
				93334D662A1276BB0099DFDF /* ViewControllerExtension.swift in Sources */,
				93ADA5BC2A0FBE5A00E16B5D /* ViewController.swift in Sources */,
				93334D632A1276BB0099DFDF /* CALayerExtension.swift in Sources */,
				93334D612A1276BB0099DFDF /* UIWindow+Extension.swift in Sources */,
				93334D3B2A1276BB0099DFDF /* UILayoutPriorityExtensions.swift in Sources */,
				93334D422A1276BB0099DFDF /* UIBarButtonItemExtensions.swift in Sources */,
				93334D562A1276BB0099DFDF /* UIRefreshControlExtensions.swift in Sources */,
				93DE10402A188263005E1CD0 /* HomeVCVM.swift in Sources */,
				93334D672A1276BB0099DFDF /* Collection+Extension.swift in Sources */,
				93DE10862A18BE9E005E1CD0 /* HomeCell.swift in Sources */,
				93DE108D2A1A4124005E1CD0 /* ScreenRecorderVM.swift in Sources */,
				93334D4C2A1276BB0099DFDF /* UINavigationControllerExtensions.swift in Sources */,
				93DE10492A1884BA005E1CD0 /* Assets-Gen.swift in Sources */,
				93334D642A1276BB0099DFDF /* UITextViewExtension.swift in Sources */,
				93334D692A1276BB0099DFDF /* UIColor+Extensions.swift in Sources */,
				93334D3F2A1276BB0099DFDF /* UICollectionViewExtensions.swift in Sources */,
				93DE10822A18BE1D005E1CD0 /* ManageApp.swift in Sources */,
				93334D8B2A1277960099DFDF /* Constant.swift in Sources */,
				93334D542A1276BB0099DFDF /* UIApplicationExtensions.swift in Sources */,
				93334D6C2A1276BB0099DFDF /* Drive+Extension.swift in Sources */,
				93334D392A1276BB0099DFDF /* UIEdgeInsetsExtensions.swift in Sources */,
				93DE10412A188263005E1CD0 /* HomeVCVC.swift in Sources */,
				93334D6A2A1276BB0099DFDF /* CustomButton.swift in Sources */,
				93DE107C2A18BBEA005E1CD0 /* BaseModelReponseSuccess.swift in Sources */,
				93ADA5B82A0FBE5A00E16B5D /* AppDelegate.swift in Sources */,
				93334D412A1276BB0099DFDF /* UITextViewExtensions.swift in Sources */,
				93334D892A1277960099DFDF /* Storage.swift in Sources */,
				93334D5E2A1276BB0099DFDF /* RowDetailGeneric.swift in Sources */,
				93334D3D2A1276BB0099DFDF /* UIStackViewExtensions.swift in Sources */,
				93334D4D2A1276BB0099DFDF /* UIViewExtensions.swift in Sources */,
				93334D572A1276BB0099DFDF /* UIAlertControllerExtensions.swift in Sources */,
				93334D712A1276BB0099DFDF /* String+Extension.swift in Sources */,
				93334D772A1276BB0099DFDF /* ReadMoreTextViewExtension.swift in Sources */,
				93334D702A1276BB0099DFDF /* UITextField_Extension.swift in Sources */,
				93334D782A1276BB0099DFDF /* StringExtension.swift in Sources */,
				93DE10792A18BBEA005E1CD0 /* SetUpBase.swift in Sources */,
				93334D442A1276BB0099DFDF /* UITabBarExtensions.swift in Sources */,
				93334D8C2A1277960099DFDF /* GetHeightSafeArea.swift in Sources */,
				93334D8A2A1277960099DFDF /* AppSettings.swift in Sources */,
				93ADA5BA2A0FBE5A00E16B5D /* SceneDelegate.swift in Sources */,
				93334D4E2A1276BB0099DFDF /* UIGestureRecognizerExtensions.swift in Sources */,
				93334D6D2A1276BB0099DFDF /* DecimalNumber+Extension.swift in Sources */,
				93334D3C2A1276BB0099DFDF /* UINavigationItemExtensions.swift in Sources */,
				93334D522A1276BB0099DFDF /* UISwitchExtensions.swift in Sources */,
				93334D742A1276BB0099DFDF /* UIAllertVC+Extension.swift in Sources */,
				93334D602A1276BB0099DFDF /* UITapgesture+Extension.swift in Sources */,
				93334D8D2A1277960099DFDF /* SettingDefaultFont.swift in Sources */,
				93334D402A1276BB0099DFDF /* UIImage+Extensions.swift in Sources */,
				93DE10782A18BBEA005E1CD0 /* BaseVC.swift in Sources */,
				93334D452A1276BB0099DFDF /* UISegmentedControlExtensions.swift in Sources */,
				93334D6B2A1276BB0099DFDF /* CustomSegment.swift in Sources */,
				93334D4A2A1276BB0099DFDF /* UIViewControllerExtensions.swift in Sources */,
				93DE103A2A1881EC005E1CD0 /* TabbarVC.swift in Sources */,
				93DE10772A18BBEA005E1CD0 /* BaseNavigationColor.swift in Sources */,
				93334D7E2A1276BB0099DFDF /* DateExtension.swift in Sources */,
				93334D3A2A1276BB0099DFDF /* UIScrollViewExtensions.swift in Sources */,
				93C0C3132A1A4E1100CB48D6 /* RecordFinishVM.swift in Sources */,
				93334D532A1276BB0099DFDF /* UIButtonExtensions.swift in Sources */,
				93334D8E2A1277960099DFDF /* ResultURLModel.swift in Sources */,
				93334D432A1276BB0099DFDF /* UIStoryboardExtensions.swift in Sources */,
				93334D6F2A1276BB0099DFDF /* URL+Extension.swift in Sources */,
				93334D652A1276BB0099DFDF /* NumberExtension.swift in Sources */,
				93334D622A1276BB0099DFDF /* UILableExtension.swift in Sources */,
				93334D552A1276BB0099DFDF /* UIImageViewExtensions.swift in Sources */,
				93334D5D2A1276BB0099DFDF /* Obserable+Extension.swift in Sources */,
				93DE107A2A18BBEA005E1CD0 /* ShowAlertProtocol.swift in Sources */,
				93C0C31A2A1A53C400CB48D6 /* VideoEditorView.swift in Sources */,
				93334D582A1276BB0099DFDF /* UIFontExtensions.swift in Sources */,
				93334D7B2A1276BB0099DFDF /* PushNotificationHandler.swift in Sources */,
				93334D722A1276BB0099DFDF /* PropertyWapper.swift in Sources */,
				93334D372A1276BB0099DFDF /* UISearchBarExtensions.swift in Sources */,
			);
			runOnlyForDeploymentPostprocessing = 0;
		};
/* End PBXSourcesBuildPhase section */

/* Begin PBXTargetDependency section */
		933D9F2A2A1BB76D00D47BF4 /* PBXTargetDependency */ = {
			isa = PBXTargetDependency;
			target = 933D9F202A1BB76D00D47BF4 /* BasicExtensionSetupUI */;
			targetProxy = 933D9F292A1BB76D00D47BF4 /* PBXContainerItemProxy */;
		};
		933D9F2D2A1BB76D00D47BF4 /* PBXTargetDependency */ = {
			isa = PBXTargetDependency;
			target = 933D9F152A1BB76C00D47BF4 /* BasicExtension */;
			targetProxy = 933D9F2C2A1BB76D00D47BF4 /* PBXContainerItemProxy */;
		};
/* End PBXTargetDependency section */

/* Begin PBXVariantGroup section */
		93ADA5BD2A0FBE5A00E16B5D /* Main.storyboard */ = {
			isa = PBXVariantGroup;
			children = (
				93ADA5BE2A0FBE5A00E16B5D /* Base */,
			);
			name = Main.storyboard;
			sourceTree = "<group>";
		};
		93ADA5C22A0FBE5D00E16B5D /* LaunchScreen.storyboard */ = {
			isa = PBXVariantGroup;
			children = (
				93ADA5C32A0FBE5D00E16B5D /* Base */,
			);
			name = LaunchScreen.storyboard;
			sourceTree = "<group>";
		};
/* End PBXVariantGroup section */

/* Begin XCBuildConfiguration section */
		933D9F302A1BB76D00D47BF4 /* Debug */ = {
			isa = XCBuildConfiguration;
			buildSettings = {
				CODE_SIGN_STYLE = Automatic;
				CURRENT_PROJECT_VERSION = 1;
				DEVELOPMENT_TEAM = 3TYP89QWY5;
				GENERATE_INFOPLIST_FILE = YES;
				INFOPLIST_FILE = BasicExtensionSetupUI/Info.plist;
				INFOPLIST_KEY_CFBundleDisplayName = BasicExtensionSetupUI;
				INFOPLIST_KEY_NSHumanReadableCopyright = "";
				IPHONEOS_DEPLOYMENT_TARGET = 16.4;
				LD_RUNPATH_SEARCH_PATHS = (
					"$(inherited)",
					"@executable_path/Frameworks",
					"@executable_path/../../Frameworks",
				);
				MARKETING_VERSION = 1.0;
				PRODUCT_BUNDLE_IDENTIFIER = haiphan.ScreenRecoder.BasicExtensionSetupUI;
				PRODUCT_NAME = "$(TARGET_NAME)";
				SKIP_INSTALL = YES;
				SWIFT_EMIT_LOC_STRINGS = YES;
				SWIFT_VERSION = 5.0;
				TARGETED_DEVICE_FAMILY = "1,2";
			};
			name = Debug;
		};
		933D9F312A1BB76D00D47BF4 /* Release */ = {
			isa = XCBuildConfiguration;
			buildSettings = {
				CODE_SIGN_STYLE = Automatic;
				CURRENT_PROJECT_VERSION = 1;
				DEVELOPMENT_TEAM = 3TYP89QWY5;
				GENERATE_INFOPLIST_FILE = YES;
				INFOPLIST_FILE = BasicExtensionSetupUI/Info.plist;
				INFOPLIST_KEY_CFBundleDisplayName = BasicExtensionSetupUI;
				INFOPLIST_KEY_NSHumanReadableCopyright = "";
				IPHONEOS_DEPLOYMENT_TARGET = 16.4;
				LD_RUNPATH_SEARCH_PATHS = (
					"$(inherited)",
					"@executable_path/Frameworks",
					"@executable_path/../../Frameworks",
				);
				MARKETING_VERSION = 1.0;
				PRODUCT_BUNDLE_IDENTIFIER = haiphan.ScreenRecoder.BasicExtensionSetupUI;
				PRODUCT_NAME = "$(TARGET_NAME)";
				SKIP_INSTALL = YES;
				SWIFT_EMIT_LOC_STRINGS = YES;
				SWIFT_VERSION = 5.0;
				TARGETED_DEVICE_FAMILY = "1,2";
			};
			name = Release;
		};
		933D9F332A1BB76D00D47BF4 /* Debug */ = {
			isa = XCBuildConfiguration;
			buildSettings = {
				CODE_SIGN_ENTITLEMENTS = BasicExtension/BasicExtension.entitlements;
				CODE_SIGN_STYLE = Automatic;
				CURRENT_PROJECT_VERSION = 1;
				DEVELOPMENT_TEAM = 3TYP89QWY5;
				GENERATE_INFOPLIST_FILE = YES;
				INFOPLIST_FILE = BasicExtension/Info.plist;
				INFOPLIST_KEY_CFBundleDisplayName = BasicExtension;
				INFOPLIST_KEY_NSHumanReadableCopyright = "";
				IPHONEOS_DEPLOYMENT_TARGET = 16.4;
				LD_RUNPATH_SEARCH_PATHS = (
					"$(inherited)",
					"@executable_path/Frameworks",
					"@executable_path/../../Frameworks",
				);
				MARKETING_VERSION = 1.0;
				PRODUCT_BUNDLE_IDENTIFIER = haiphan.ScreenRecoder.BasicExtension;
				PRODUCT_NAME = "$(TARGET_NAME)";
				SKIP_INSTALL = YES;
				SWIFT_EMIT_LOC_STRINGS = YES;
				SWIFT_VERSION = 5.0;
				TARGETED_DEVICE_FAMILY = "1,2";
			};
			name = Debug;
		};
		933D9F342A1BB76D00D47BF4 /* Release */ = {
			isa = XCBuildConfiguration;
			buildSettings = {
				CODE_SIGN_ENTITLEMENTS = BasicExtension/BasicExtension.entitlements;
				CODE_SIGN_STYLE = Automatic;
				CURRENT_PROJECT_VERSION = 1;
				DEVELOPMENT_TEAM = 3TYP89QWY5;
				GENERATE_INFOPLIST_FILE = YES;
				INFOPLIST_FILE = BasicExtension/Info.plist;
				INFOPLIST_KEY_CFBundleDisplayName = BasicExtension;
				INFOPLIST_KEY_NSHumanReadableCopyright = "";
				IPHONEOS_DEPLOYMENT_TARGET = 16.4;
				LD_RUNPATH_SEARCH_PATHS = (
					"$(inherited)",
					"@executable_path/Frameworks",
					"@executable_path/../../Frameworks",
				);
				MARKETING_VERSION = 1.0;
				PRODUCT_BUNDLE_IDENTIFIER = haiphan.ScreenRecoder.BasicExtension;
				PRODUCT_NAME = "$(TARGET_NAME)";
				SKIP_INSTALL = YES;
				SWIFT_EMIT_LOC_STRINGS = YES;
				SWIFT_VERSION = 5.0;
				TARGETED_DEVICE_FAMILY = "1,2";
			};
			name = Release;
		};
		93ADA5C62A0FBE5D00E16B5D /* Debug */ = {
			isa = XCBuildConfiguration;
			buildSettings = {
				ALWAYS_SEARCH_USER_PATHS = NO;
				CLANG_ANALYZER_NONNULL = YES;
				CLANG_ANALYZER_NUMBER_OBJECT_CONVERSION = YES_AGGRESSIVE;
				CLANG_CXX_LANGUAGE_STANDARD = "gnu++20";
				CLANG_ENABLE_MODULES = YES;
				CLANG_ENABLE_OBJC_ARC = YES;
				CLANG_ENABLE_OBJC_WEAK = YES;
				CLANG_WARN_BLOCK_CAPTURE_AUTORELEASING = YES;
				CLANG_WARN_BOOL_CONVERSION = YES;
				CLANG_WARN_COMMA = YES;
				CLANG_WARN_CONSTANT_CONVERSION = YES;
				CLANG_WARN_DEPRECATED_OBJC_IMPLEMENTATIONS = YES;
				CLANG_WARN_DIRECT_OBJC_ISA_USAGE = YES_ERROR;
				CLANG_WARN_DOCUMENTATION_COMMENTS = YES;
				CLANG_WARN_EMPTY_BODY = YES;
				CLANG_WARN_ENUM_CONVERSION = YES;
				CLANG_WARN_INFINITE_RECURSION = YES;
				CLANG_WARN_INT_CONVERSION = YES;
				CLANG_WARN_NON_LITERAL_NULL_CONVERSION = YES;
				CLANG_WARN_OBJC_IMPLICIT_RETAIN_SELF = YES;
				CLANG_WARN_OBJC_LITERAL_CONVERSION = YES;
				CLANG_WARN_OBJC_ROOT_CLASS = YES_ERROR;
				CLANG_WARN_QUOTED_INCLUDE_IN_FRAMEWORK_HEADER = YES;
				CLANG_WARN_RANGE_LOOP_ANALYSIS = YES;
				CLANG_WARN_STRICT_PROTOTYPES = YES;
				CLANG_WARN_SUSPICIOUS_MOVE = YES;
				CLANG_WARN_UNGUARDED_AVAILABILITY = YES_AGGRESSIVE;
				CLANG_WARN_UNREACHABLE_CODE = YES;
				CLANG_WARN__DUPLICATE_METHOD_MATCH = YES;
				COPY_PHASE_STRIP = NO;
				DEBUG_INFORMATION_FORMAT = dwarf;
				ENABLE_STRICT_OBJC_MSGSEND = YES;
				ENABLE_TESTABILITY = YES;
				GCC_C_LANGUAGE_STANDARD = gnu11;
				GCC_DYNAMIC_NO_PIC = NO;
				GCC_NO_COMMON_BLOCKS = YES;
				GCC_OPTIMIZATION_LEVEL = 0;
				GCC_PREPROCESSOR_DEFINITIONS = (
					"DEBUG=1",
					"$(inherited)",
				);
				GCC_WARN_64_TO_32_BIT_CONVERSION = YES;
				GCC_WARN_ABOUT_RETURN_TYPE = YES_ERROR;
				GCC_WARN_UNDECLARED_SELECTOR = YES;
				GCC_WARN_UNINITIALIZED_AUTOS = YES_AGGRESSIVE;
				GCC_WARN_UNUSED_FUNCTION = YES;
				GCC_WARN_UNUSED_VARIABLE = YES;
				IPHONEOS_DEPLOYMENT_TARGET = 13.0;
				MTL_ENABLE_DEBUG_INFO = INCLUDE_SOURCE;
				MTL_FAST_MATH = YES;
				ONLY_ACTIVE_ARCH = YES;
				SDKROOT = iphoneos;
				SWIFT_ACTIVE_COMPILATION_CONDITIONS = DEBUG;
				SWIFT_OPTIMIZATION_LEVEL = "-Onone";
			};
			name = Debug;
		};
		93ADA5C72A0FBE5D00E16B5D /* Release */ = {
			isa = XCBuildConfiguration;
			buildSettings = {
				ALWAYS_SEARCH_USER_PATHS = NO;
				CLANG_ANALYZER_NONNULL = YES;
				CLANG_ANALYZER_NUMBER_OBJECT_CONVERSION = YES_AGGRESSIVE;
				CLANG_CXX_LANGUAGE_STANDARD = "gnu++20";
				CLANG_ENABLE_MODULES = YES;
				CLANG_ENABLE_OBJC_ARC = YES;
				CLANG_ENABLE_OBJC_WEAK = YES;
				CLANG_WARN_BLOCK_CAPTURE_AUTORELEASING = YES;
				CLANG_WARN_BOOL_CONVERSION = YES;
				CLANG_WARN_COMMA = YES;
				CLANG_WARN_CONSTANT_CONVERSION = YES;
				CLANG_WARN_DEPRECATED_OBJC_IMPLEMENTATIONS = YES;
				CLANG_WARN_DIRECT_OBJC_ISA_USAGE = YES_ERROR;
				CLANG_WARN_DOCUMENTATION_COMMENTS = YES;
				CLANG_WARN_EMPTY_BODY = YES;
				CLANG_WARN_ENUM_CONVERSION = YES;
				CLANG_WARN_INFINITE_RECURSION = YES;
				CLANG_WARN_INT_CONVERSION = YES;
				CLANG_WARN_NON_LITERAL_NULL_CONVERSION = YES;
				CLANG_WARN_OBJC_IMPLICIT_RETAIN_SELF = YES;
				CLANG_WARN_OBJC_LITERAL_CONVERSION = YES;
				CLANG_WARN_OBJC_ROOT_CLASS = YES_ERROR;
				CLANG_WARN_QUOTED_INCLUDE_IN_FRAMEWORK_HEADER = YES;
				CLANG_WARN_RANGE_LOOP_ANALYSIS = YES;
				CLANG_WARN_STRICT_PROTOTYPES = YES;
				CLANG_WARN_SUSPICIOUS_MOVE = YES;
				CLANG_WARN_UNGUARDED_AVAILABILITY = YES_AGGRESSIVE;
				CLANG_WARN_UNREACHABLE_CODE = YES;
				CLANG_WARN__DUPLICATE_METHOD_MATCH = YES;
				COPY_PHASE_STRIP = NO;
				DEBUG_INFORMATION_FORMAT = "dwarf-with-dsym";
				ENABLE_NS_ASSERTIONS = NO;
				ENABLE_STRICT_OBJC_MSGSEND = YES;
				GCC_C_LANGUAGE_STANDARD = gnu11;
				GCC_NO_COMMON_BLOCKS = YES;
				GCC_WARN_64_TO_32_BIT_CONVERSION = YES;
				GCC_WARN_ABOUT_RETURN_TYPE = YES_ERROR;
				GCC_WARN_UNDECLARED_SELECTOR = YES;
				GCC_WARN_UNINITIALIZED_AUTOS = YES_AGGRESSIVE;
				GCC_WARN_UNUSED_FUNCTION = YES;
				GCC_WARN_UNUSED_VARIABLE = YES;
				IPHONEOS_DEPLOYMENT_TARGET = 13.0;
				MTL_ENABLE_DEBUG_INFO = NO;
				MTL_FAST_MATH = YES;
				SDKROOT = iphoneos;
				SWIFT_COMPILATION_MODE = wholemodule;
				SWIFT_OPTIMIZATION_LEVEL = "-O";
				VALIDATE_PRODUCT = YES;
			};
			name = Release;
		};
		93ADA5C92A0FBE5D00E16B5D /* Debug */ = {
			isa = XCBuildConfiguration;
			baseConfigurationReference = 68738BFFBC6124726BFE0297 /* Pods-ScreenRecoder.debug.xcconfig */;
			buildSettings = {
				ALWAYS_EMBED_SWIFT_STANDARD_LIBRARIES = YES;
				ASSETCATALOG_COMPILER_APPICON_NAME = AppIcon;
				ASSETCATALOG_COMPILER_GLOBAL_ACCENT_COLOR_NAME = AccentColor;
				CODE_SIGN_ENTITLEMENTS = ScreenRecoder/ScreenRecoder.entitlements;
				CODE_SIGN_STYLE = Automatic;
				CURRENT_PROJECT_VERSION = 1;
				DEVELOPMENT_TEAM = 3TYP89QWY5;
				GENERATE_INFOPLIST_FILE = YES;
				INFOPLIST_FILE = ScreenRecoder/Info.plist;
				INFOPLIST_KEY_UIApplicationSupportsIndirectInputEvents = YES;
				INFOPLIST_KEY_UILaunchStoryboardName = LaunchScreen;
				INFOPLIST_KEY_UIMainStoryboardFile = Main;
				INFOPLIST_KEY_UISupportedInterfaceOrientations_iPad = "UIInterfaceOrientationPortrait UIInterfaceOrientationPortraitUpsideDown UIInterfaceOrientationLandscapeLeft UIInterfaceOrientationLandscapeRight";
				INFOPLIST_KEY_UISupportedInterfaceOrientations_iPhone = "UIInterfaceOrientationPortrait UIInterfaceOrientationLandscapeLeft UIInterfaceOrientationLandscapeRight";
				LD_RUNPATH_SEARCH_PATHS = (
					"$(inherited)",
					"@executable_path/Frameworks",
				);
				MARKETING_VERSION = 1.0;
				PRODUCT_BUNDLE_IDENTIFIER = haiphan.ScreenRecoder;
				PRODUCT_NAME = "$(TARGET_NAME)";
				SWIFT_EMIT_LOC_STRINGS = YES;
				SWIFT_VERSION = 5.0;
				TARGETED_DEVICE_FAMILY = "1,2";
			};
			name = Debug;
		};
		93ADA5CA2A0FBE5D00E16B5D /* Release */ = {
			isa = XCBuildConfiguration;
			baseConfigurationReference = F99BC643D2A88446E3F676B6 /* Pods-ScreenRecoder.release.xcconfig */;
			buildSettings = {
				ALWAYS_EMBED_SWIFT_STANDARD_LIBRARIES = YES;
				ASSETCATALOG_COMPILER_APPICON_NAME = AppIcon;
				ASSETCATALOG_COMPILER_GLOBAL_ACCENT_COLOR_NAME = AccentColor;
				CODE_SIGN_ENTITLEMENTS = ScreenRecoder/ScreenRecoder.entitlements;
				CODE_SIGN_STYLE = Automatic;
				CURRENT_PROJECT_VERSION = 1;
				DEVELOPMENT_TEAM = 3TYP89QWY5;
				GENERATE_INFOPLIST_FILE = YES;
				INFOPLIST_FILE = ScreenRecoder/Info.plist;
				INFOPLIST_KEY_UIApplicationSupportsIndirectInputEvents = YES;
				INFOPLIST_KEY_UILaunchStoryboardName = LaunchScreen;
				INFOPLIST_KEY_UIMainStoryboardFile = Main;
				INFOPLIST_KEY_UISupportedInterfaceOrientations_iPad = "UIInterfaceOrientationPortrait UIInterfaceOrientationPortraitUpsideDown UIInterfaceOrientationLandscapeLeft UIInterfaceOrientationLandscapeRight";
				INFOPLIST_KEY_UISupportedInterfaceOrientations_iPhone = "UIInterfaceOrientationPortrait UIInterfaceOrientationLandscapeLeft UIInterfaceOrientationLandscapeRight";
				LD_RUNPATH_SEARCH_PATHS = (
					"$(inherited)",
					"@executable_path/Frameworks",
				);
				MARKETING_VERSION = 1.0;
				PRODUCT_BUNDLE_IDENTIFIER = haiphan.ScreenRecoder;
				PRODUCT_NAME = "$(TARGET_NAME)";
				SWIFT_EMIT_LOC_STRINGS = YES;
				SWIFT_VERSION = 5.0;
				TARGETED_DEVICE_FAMILY = "1,2";
			};
			name = Release;
		};
/* End XCBuildConfiguration section */

/* Begin XCConfigurationList section */
		933D9F2F2A1BB76D00D47BF4 /* Build configuration list for PBXNativeTarget "BasicExtensionSetupUI" */ = {
			isa = XCConfigurationList;
			buildConfigurations = (
				933D9F302A1BB76D00D47BF4 /* Debug */,
				933D9F312A1BB76D00D47BF4 /* Release */,
			);
			defaultConfigurationIsVisible = 0;
			defaultConfigurationName = Release;
		};
		933D9F322A1BB76D00D47BF4 /* Build configuration list for PBXNativeTarget "BasicExtension" */ = {
			isa = XCConfigurationList;
			buildConfigurations = (
				933D9F332A1BB76D00D47BF4 /* Debug */,
				933D9F342A1BB76D00D47BF4 /* Release */,
			);
			defaultConfigurationIsVisible = 0;
			defaultConfigurationName = Release;
		};
		93ADA5AF2A0FBE5A00E16B5D /* Build configuration list for PBXProject "ScreenRecoder" */ = {
			isa = XCConfigurationList;
			buildConfigurations = (
				93ADA5C62A0FBE5D00E16B5D /* Debug */,
				93ADA5C72A0FBE5D00E16B5D /* Release */,
			);
			defaultConfigurationIsVisible = 0;
			defaultConfigurationName = Release;
		};
		93ADA5C82A0FBE5D00E16B5D /* Build configuration list for PBXNativeTarget "ScreenRecoder" */ = {
			isa = XCConfigurationList;
			buildConfigurations = (
				93ADA5C92A0FBE5D00E16B5D /* Debug */,
				93ADA5CA2A0FBE5D00E16B5D /* Release */,
			);
			defaultConfigurationIsVisible = 0;
			defaultConfigurationName = Release;
		};
/* End XCConfigurationList section */
	};
	rootObject = 93ADA5AC2A0FBE5A00E16B5D /* Project object */;
}
